// !$*UTF8*$!
{
	archiveVersion = 1;
	classes = {
	};
	objectVersion = 46;
	objects = {

/* Begin PBXBuildFile section */
		7A6921C852331609747245B5 /* libPods.a in Frameworks */ = {isa = PBXBuildFile; fileRef = 823755C7B1E653634711E5ED /* libPods.a */; };
		9F12020C1BF03F4A002C508C /* main.m in Sources */ = {isa = PBXBuildFile; fileRef = 9F12020B1BF03F4A002C508C /* main.m */; };
		9F1202151BF03F4A002C508C /* Main.storyboard in Resources */ = {isa = PBXBuildFile; fileRef = 9F1202131BF03F4A002C508C /* Main.storyboard */; };
		9F1202181BF03F4A002C508C /* CareD.xcdatamodeld in Sources */ = {isa = PBXBuildFile; fileRef = 9F1202161BF03F4A002C508C /* CareD.xcdatamodeld */; };
		9F12021A1BF03F4A002C508C /* Assets.xcassets in Resources */ = {isa = PBXBuildFile; fileRef = 9F1202191BF03F4A002C508C /* Assets.xcassets */; };
		9F12021D1BF03F4A002C508C /* LaunchScreen.storyboard in Resources */ = {isa = PBXBuildFile; fileRef = 9F12021B1BF03F4A002C508C /* LaunchScreen.storyboard */; };
		9F12026C1BF04FCB002C508C /* AppDelegate.m in Sources */ = {isa = PBXBuildFile; fileRef = 9F1202461BF04FCB002C508C /* AppDelegate.m */; };
		9F12026D1BF04FCB002C508C /* 请删除.rtf in Resources */ = {isa = PBXBuildFile; fileRef = 9F1202491BF04FCB002C508C /* 请删除.rtf */; };
		9F12026E1BF04FCB002C508C /* 请删除.rtf in Resources */ = {isa = PBXBuildFile; fileRef = 9F12024F1BF04FCB002C508C /* 请删除.rtf */; };
		9F12026F1BF04FCB002C508C /* 请删除.rtf in Resources */ = {isa = PBXBuildFile; fileRef = 9F1202511BF04FCB002C508C /* 请删除.rtf */; };
		9F1202701BF04FCB002C508C /* 请删除.rtf in Resources */ = {isa = PBXBuildFile; fileRef = 9F1202531BF04FCB002C508C /* 请删除.rtf */; };
		9F1202711BF04FCB002C508C /* 请删除.rtf in Resources */ = {isa = PBXBuildFile; fileRef = 9F1202551BF04FCB002C508C /* 请删除.rtf */; };
		9F1202721BF04FCB002C508C /* 请删除.rtf in Resources */ = {isa = PBXBuildFile; fileRef = 9F1202571BF04FCB002C508C /* 请删除.rtf */; };
		9F1202741BF04FCB002C508C /* 请删除.rtf in Resources */ = {isa = PBXBuildFile; fileRef = 9F12025D1BF04FCB002C508C /* 请删除.rtf */; };
		9F1202751BF04FCB002C508C /* 请删除.rtf in Resources */ = {isa = PBXBuildFile; fileRef = 9F12025F1BF04FCB002C508C /* 请删除.rtf */; };
		9F1202761BF04FCB002C508C /* 请删除.rtf in Resources */ = {isa = PBXBuildFile; fileRef = 9F1202621BF04FCB002C508C /* 请删除.rtf */; };
		9F1202771BF04FCB002C508C /* 请删除.rtf in Resources */ = {isa = PBXBuildFile; fileRef = 9F1202641BF04FCB002C508C /* 请删除.rtf */; };
		9F1202781BF04FCB002C508C /* 请删除.rtf in Resources */ = {isa = PBXBuildFile; fileRef = 9F1202671BF04FCB002C508C /* 请删除.rtf */; };
		9F1202791BF04FCB002C508C /* 请删除.rtf in Resources */ = {isa = PBXBuildFile; fileRef = 9F1202691BF04FCB002C508C /* 请删除.rtf */; };
		9F1202841BF06360002C508C /* LoginViewController.m in Sources */ = {isa = PBXBuildFile; fileRef = 9F1202831BF06360002C508C /* LoginViewController.m */; };
		9F1202871BF0636D002C508C /* LoginView.m in Sources */ = {isa = PBXBuildFile; fileRef = 9F1202861BF0636D002C508C /* LoginView.m */; };
		9F1202951BF06B7A002C508C /* loginImage@2x.png in Resources */ = {isa = PBXBuildFile; fileRef = 9F12028A1BF06B7A002C508C /* loginImage@2x.png */; };
		9F1202961BF06B7A002C508C /* logo.png in Resources */ = {isa = PBXBuildFile; fileRef = 9F12028D1BF06B7A002C508C /* logo.png */; };
		9F1202971BF06B7A002C508C /* logo@2x.png in Resources */ = {isa = PBXBuildFile; fileRef = 9F12028E1BF06B7A002C508C /* logo@2x.png */; };
		9F1202981BF06B7A002C508C /* logo@3x.png in Resources */ = {isa = PBXBuildFile; fileRef = 9F12028F1BF06B7A002C508C /* logo@3x.png */; };
		9F1202991BF06B7A002C508C /* logo.png in Resources */ = {isa = PBXBuildFile; fileRef = 9F1202911BF06B7A002C508C /* logo.png */; };
		9F12029A1BF06B7A002C508C /* logo@2x.png in Resources */ = {isa = PBXBuildFile; fileRef = 9F1202921BF06B7A002C508C /* logo@2x.png */; };
		9F12029B1BF06B7A002C508C /* logo@3x.png in Resources */ = {isa = PBXBuildFile; fileRef = 9F1202931BF06B7A002C508C /* logo@3x.png */; };
		9F1202A01BF06D1D002C508C /* UIShakeView.m in Sources */ = {isa = PBXBuildFile; fileRef = 9F12029F1BF06D1D002C508C /* UIShakeView.m */; };
		9F29FF4C1BF463D000232E8E /* YCUserFriendsManager.m in Sources */ = {isa = PBXBuildFile; fileRef = 9F29FF461BF463D000232E8E /* YCUserFriendsManager.m */; };
		9F29FF4D1BF463D000232E8E /* YCUserImageManager.m in Sources */ = {isa = PBXBuildFile; fileRef = 9F29FF481BF463D000232E8E /* YCUserImageManager.m */; };
		9F29FF4E1BF463D000232E8E /* YCUserManager.m in Sources */ = {isa = PBXBuildFile; fileRef = 9F29FF4A1BF463D000232E8E /* YCUserManager.m */; };
		9F29FF561BF46DA800232E8E /* DeformationButton.m in Sources */ = {isa = PBXBuildFile; fileRef = 9F29FF521BF46DA800232E8E /* DeformationButton.m */; };
		9F29FF571BF46DA800232E8E /* MMMaterialDesignSpinner.m in Sources */ = {isa = PBXBuildFile; fileRef = 9F29FF551BF46DA800232E8E /* MMMaterialDesignSpinner.m */; };
		9F29FF5B1BF4823900232E8E /* RegisterViewController.m in Sources */ = {isa = PBXBuildFile; fileRef = 9F29FF591BF4823900232E8E /* RegisterViewController.m */; };
		9F29FF5C1BF4823900232E8E /* RegisterViewController.xib in Resources */ = {isa = PBXBuildFile; fileRef = 9F29FF5A1BF4823900232E8E /* RegisterViewController.xib */; };
		9F29FF671BF4C29C00232E8E /* RegisterSettingsViewController.m in Sources */ = {isa = PBXBuildFile; fileRef = 9F29FF651BF4C29C00232E8E /* RegisterSettingsViewController.m */; };
		9F29FF681BF4C29C00232E8E /* RegisterSettingsViewController.xib in Resources */ = {isa = PBXBuildFile; fileRef = 9F29FF661BF4C29C00232E8E /* RegisterSettingsViewController.xib */; };
		9F2D91191BF0976B00BB0330 /* RegisterImage@2x.png in Resources */ = {isa = PBXBuildFile; fileRef = 9F2D91181BF0976B00BB0330 /* RegisterImage@2x.png */; };
		9FC1BAD61BF177CC00FD46D0 /* Icon-100.png in Resources */ = {isa = PBXBuildFile; fileRef = 9FC1BABC1BF177CC00FD46D0 /* Icon-100.png */; };
		9FC1BAD71BF177CC00FD46D0 /* Icon-108.png in Resources */ = {isa = PBXBuildFile; fileRef = 9FC1BABD1BF177CC00FD46D0 /* Icon-108.png */; };
		9FC1BAD81BF177CC00FD46D0 /* Icon-114.png in Resources */ = {isa = PBXBuildFile; fileRef = 9FC1BABE1BF177CC00FD46D0 /* Icon-114.png */; };
		9FC1BAD91BF177CC00FD46D0 /* Icon-120.png in Resources */ = {isa = PBXBuildFile; fileRef = 9FC1BABF1BF177CC00FD46D0 /* Icon-120.png */; };
		9FC1BADA1BF177CC00FD46D0 /* Icon-128.png in Resources */ = {isa = PBXBuildFile; fileRef = 9FC1BAC01BF177CC00FD46D0 /* Icon-128.png */; };
		9FC1BADB1BF177CC00FD46D0 /* Icon-144.png in Resources */ = {isa = PBXBuildFile; fileRef = 9FC1BAC11BF177CC00FD46D0 /* Icon-144.png */; };
		9FC1BADC1BF177CC00FD46D0 /* Icon-152.png in Resources */ = {isa = PBXBuildFile; fileRef = 9FC1BAC21BF177CC00FD46D0 /* Icon-152.png */; };
		9FC1BADD1BF177CC00FD46D0 /* Icon-155.png in Resources */ = {isa = PBXBuildFile; fileRef = 9FC1BAC31BF177CC00FD46D0 /* Icon-155.png */; };
		9FC1BADE1BF177CC00FD46D0 /* Icon-16.png in Resources */ = {isa = PBXBuildFile; fileRef = 9FC1BAC41BF177CC00FD46D0 /* Icon-16.png */; };
		9FC1BADF1BF177CC00FD46D0 /* Icon-180.png in Resources */ = {isa = PBXBuildFile; fileRef = 9FC1BAC51BF177CC00FD46D0 /* Icon-180.png */; };
		9FC1BAE01BF177CC00FD46D0 /* Icon-256.png in Resources */ = {isa = PBXBuildFile; fileRef = 9FC1BAC61BF177CC00FD46D0 /* Icon-256.png */; };
		9FC1BAE11BF177CC00FD46D0 /* Icon-28.png in Resources */ = {isa = PBXBuildFile; fileRef = 9FC1BAC71BF177CC00FD46D0 /* Icon-28.png */; };
		9FC1BAE21BF177CC00FD46D0 /* Icon-29.png in Resources */ = {isa = PBXBuildFile; fileRef = 9FC1BAC81BF177CC00FD46D0 /* Icon-29.png */; };
		9FC1BAE31BF177CC00FD46D0 /* Icon-40.png in Resources */ = {isa = PBXBuildFile; fileRef = 9FC1BAC91BF177CC00FD46D0 /* Icon-40.png */; };
		9FC1BAE41BF177CC00FD46D0 /* Icon-50.png in Resources */ = {isa = PBXBuildFile; fileRef = 9FC1BACA1BF177CC00FD46D0 /* Icon-50.png */; };
		9FC1BAE51BF177CC00FD46D0 /* Icon-512.png in Resources */ = {isa = PBXBuildFile; fileRef = 9FC1BACB1BF177CC00FD46D0 /* Icon-512.png */; };
		9FC1BAE61BF177CC00FD46D0 /* Icon-57.png in Resources */ = {isa = PBXBuildFile; fileRef = 9FC1BACC1BF177CC00FD46D0 /* Icon-57.png */; };
		9FC1BAE71BF177CC00FD46D0 /* Icon-58.png in Resources */ = {isa = PBXBuildFile; fileRef = 9FC1BACD1BF177CC00FD46D0 /* Icon-58.png */; };
		9FC1BAE81BF177CC00FD46D0 /* Icon-60.png in Resources */ = {isa = PBXBuildFile; fileRef = 9FC1BACE1BF177CC00FD46D0 /* Icon-60.png */; };
		9FC1BAE91BF177CC00FD46D0 /* Icon-64.png in Resources */ = {isa = PBXBuildFile; fileRef = 9FC1BACF1BF177CC00FD46D0 /* Icon-64.png */; };
		9FC1BAEA1BF177CC00FD46D0 /* Icon-72.png in Resources */ = {isa = PBXBuildFile; fileRef = 9FC1BAD01BF177CC00FD46D0 /* Icon-72.png */; };
		9FC1BAEB1BF177CC00FD46D0 /* Icon-76.png in Resources */ = {isa = PBXBuildFile; fileRef = 9FC1BAD11BF177CC00FD46D0 /* Icon-76.png */; };
		9FC1BAEC1BF177CC00FD46D0 /* Icon-80.png in Resources */ = {isa = PBXBuildFile; fileRef = 9FC1BAD21BF177CC00FD46D0 /* Icon-80.png */; };
		9FC1BAED1BF177CC00FD46D0 /* Icon-87.png in Resources */ = {isa = PBXBuildFile; fileRef = 9FC1BAD31BF177CC00FD46D0 /* Icon-87.png */; };
		9FC1BAEE1BF177CC00FD46D0 /* Icon-90.png in Resources */ = {isa = PBXBuildFile; fileRef = 9FC1BAD41BF177CC00FD46D0 /* Icon-90.png */; };
		9FC1BAEF1BF177CC00FD46D0 /* icon.png in Resources */ = {isa = PBXBuildFile; fileRef = 9FC1BAD51BF177CC00FD46D0 /* icon.png */; };
/* End PBXBuildFile section */

/* Begin PBXFileReference section */
		6A1FC9043D8FC67A0E655F80 /* Pods.release.xcconfig */ = {isa = PBXFileReference; includeInIndex = 1; lastKnownFileType = text.xcconfig; name = Pods.release.xcconfig; path = "Pods/Target Support Files/Pods/Pods.release.xcconfig"; sourceTree = "<group>"; };
		823755C7B1E653634711E5ED /* libPods.a */ = {isa = PBXFileReference; explicitFileType = archive.ar; includeInIndex = 0; path = libPods.a; sourceTree = BUILT_PRODUCTS_DIR; };
		9F1202071BF03F4A002C508C /* CareD.app */ = {isa = PBXFileReference; explicitFileType = wrapper.application; includeInIndex = 0; path = CareD.app; sourceTree = BUILT_PRODUCTS_DIR; };
		9F12020B1BF03F4A002C508C /* main.m */ = {isa = PBXFileReference; lastKnownFileType = sourcecode.c.objc; path = main.m; sourceTree = "<group>"; };
		9F1202141BF03F4A002C508C /* Base */ = {isa = PBXFileReference; lastKnownFileType = file.storyboard; name = Base; path = Base.lproj/Main.storyboard; sourceTree = "<group>"; };
		9F1202171BF03F4A002C508C /* CareD.xcdatamodel */ = {isa = PBXFileReference; lastKnownFileType = wrapper.xcdatamodel; path = CareD.xcdatamodel; sourceTree = "<group>"; };
		9F1202191BF03F4A002C508C /* Assets.xcassets */ = {isa = PBXFileReference; lastKnownFileType = folder.assetcatalog; path = Assets.xcassets; sourceTree = "<group>"; };
		9F12021C1BF03F4A002C508C /* Base */ = {isa = PBXFileReference; lastKnownFileType = file.storyboard; name = Base; path = Base.lproj/LaunchScreen.storyboard; sourceTree = "<group>"; };
		9F12021E1BF03F4A002C508C /* Info.plist */ = {isa = PBXFileReference; lastKnownFileType = text.plist.xml; path = Info.plist; sourceTree = "<group>"; };
		9F1202351BF03FA4002C508C /* CareDPrefixHeader.pch */ = {isa = PBXFileReference; lastKnownFileType = sourcecode.c.h; path = CareDPrefixHeader.pch; sourceTree = "<group>"; };
		9F1202451BF04FCB002C508C /* AppDelegate.h */ = {isa = PBXFileReference; fileEncoding = 4; lastKnownFileType = sourcecode.c.h; path = AppDelegate.h; sourceTree = "<group>"; };
		9F1202461BF04FCB002C508C /* AppDelegate.m */ = {isa = PBXFileReference; fileEncoding = 4; lastKnownFileType = sourcecode.c.objc; path = AppDelegate.m; sourceTree = "<group>"; };
		9F1202491BF04FCB002C508C /* 请删除.rtf */ = {isa = PBXFileReference; fileEncoding = 4; lastKnownFileType = text.rtf; path = "请删除.rtf"; sourceTree = "<group>"; };
		9F12024B1BF04FCB002C508C /* GreenDefines.h */ = {isa = PBXFileReference; fileEncoding = 4; lastKnownFileType = sourcecode.c.h; path = GreenDefines.h; sourceTree = "<group>"; };
		9F12024C1BF04FCB002C508C /* HYDefines.h */ = {isa = PBXFileReference; fileEncoding = 4; lastKnownFileType = sourcecode.c.h; path = HYDefines.h; sourceTree = "<group>"; };
		9F12024D1BF04FCB002C508C /* LakeDefines.h */ = {isa = PBXFileReference; fileEncoding = 4; lastKnownFileType = sourcecode.c.h; path = LakeDefines.h; sourceTree = "<group>"; };
		9F12024F1BF04FCB002C508C /* 请删除.rtf */ = {isa = PBXFileReference; fileEncoding = 4; lastKnownFileType = text.rtf; path = "请删除.rtf"; sourceTree = "<group>"; };
		9F1202511BF04FCB002C508C /* 请删除.rtf */ = {isa = PBXFileReference; fileEncoding = 4; lastKnownFileType = text.rtf; path = "请删除.rtf"; sourceTree = "<group>"; };
		9F1202531BF04FCB002C508C /* 请删除.rtf */ = {isa = PBXFileReference; fileEncoding = 4; lastKnownFileType = text.rtf; path = "请删除.rtf"; sourceTree = "<group>"; };
		9F1202551BF04FCB002C508C /* 请删除.rtf */ = {isa = PBXFileReference; fileEncoding = 4; lastKnownFileType = text.rtf; path = "请删除.rtf"; sourceTree = "<group>"; };
		9F1202571BF04FCB002C508C /* 请删除.rtf */ = {isa = PBXFileReference; fileEncoding = 4; lastKnownFileType = text.rtf; path = "请删除.rtf"; sourceTree = "<group>"; };
		9F12025D1BF04FCB002C508C /* 请删除.rtf */ = {isa = PBXFileReference; fileEncoding = 4; lastKnownFileType = text.rtf; path = "请删除.rtf"; sourceTree = "<group>"; };
		9F12025F1BF04FCB002C508C /* 请删除.rtf */ = {isa = PBXFileReference; fileEncoding = 4; lastKnownFileType = text.rtf; path = "请删除.rtf"; sourceTree = "<group>"; };
		9F1202621BF04FCB002C508C /* 请删除.rtf */ = {isa = PBXFileReference; fileEncoding = 4; lastKnownFileType = text.rtf; path = "请删除.rtf"; sourceTree = "<group>"; };
		9F1202641BF04FCB002C508C /* 请删除.rtf */ = {isa = PBXFileReference; fileEncoding = 4; lastKnownFileType = text.rtf; path = "请删除.rtf"; sourceTree = "<group>"; };
		9F1202671BF04FCB002C508C /* 请删除.rtf */ = {isa = PBXFileReference; fileEncoding = 4; lastKnownFileType = text.rtf; path = "请删除.rtf"; sourceTree = "<group>"; };
		9F1202691BF04FCB002C508C /* 请删除.rtf */ = {isa = PBXFileReference; fileEncoding = 4; lastKnownFileType = text.rtf; path = "请删除.rtf"; sourceTree = "<group>"; };
		9F1202821BF06360002C508C /* LoginViewController.h */ = {isa = PBXFileReference; fileEncoding = 4; lastKnownFileType = sourcecode.c.h; path = LoginViewController.h; sourceTree = "<group>"; };
		9F1202831BF06360002C508C /* LoginViewController.m */ = {isa = PBXFileReference; fileEncoding = 4; lastKnownFileType = sourcecode.c.objc; path = LoginViewController.m; sourceTree = "<group>"; };
		9F1202851BF0636D002C508C /* LoginView.h */ = {isa = PBXFileReference; fileEncoding = 4; lastKnownFileType = sourcecode.c.h; path = LoginView.h; sourceTree = "<group>"; };
		9F1202861BF0636D002C508C /* LoginView.m */ = {isa = PBXFileReference; fileEncoding = 4; lastKnownFileType = sourcecode.c.objc; path = LoginView.m; sourceTree = "<group>"; };
		9F12028A1BF06B7A002C508C /* loginImage@2x.png */ = {isa = PBXFileReference; lastKnownFileType = image.png; path = "loginImage@2x.png"; sourceTree = "<group>"; };
		9F12028D1BF06B7A002C508C /* logo.png */ = {isa = PBXFileReference; lastKnownFileType = image.png; path = logo.png; sourceTree = "<group>"; };
		9F12028E1BF06B7A002C508C /* logo@2x.png */ = {isa = PBXFileReference; lastKnownFileType = image.png; path = "logo@2x.png"; sourceTree = "<group>"; };
		9F12028F1BF06B7A002C508C /* logo@3x.png */ = {isa = PBXFileReference; lastKnownFileType = image.png; path = "logo@3x.png"; sourceTree = "<group>"; };
		9F1202911BF06B7A002C508C /* logo.png */ = {isa = PBXFileReference; lastKnownFileType = image.png; path = logo.png; sourceTree = "<group>"; };
		9F1202921BF06B7A002C508C /* logo@2x.png */ = {isa = PBXFileReference; lastKnownFileType = image.png; path = "logo@2x.png"; sourceTree = "<group>"; };
		9F1202931BF06B7A002C508C /* logo@3x.png */ = {isa = PBXFileReference; lastKnownFileType = image.png; path = "logo@3x.png"; sourceTree = "<group>"; };
		9F12029E1BF06D1D002C508C /* UIShakeView.h */ = {isa = PBXFileReference; fileEncoding = 4; lastKnownFileType = sourcecode.c.h; path = UIShakeView.h; sourceTree = "<group>"; };
		9F12029F1BF06D1D002C508C /* UIShakeView.m */ = {isa = PBXFileReference; fileEncoding = 4; lastKnownFileType = sourcecode.c.objc; path = UIShakeView.m; sourceTree = "<group>"; };
		9F29FF441BF463D000232E8E /* YCUserDefines.h */ = {isa = PBXFileReference; fileEncoding = 4; lastKnownFileType = sourcecode.c.h; path = YCUserDefines.h; sourceTree = "<group>"; };
		9F29FF451BF463D000232E8E /* YCUserFriendsManager.h */ = {isa = PBXFileReference; fileEncoding = 4; lastKnownFileType = sourcecode.c.h; path = YCUserFriendsManager.h; sourceTree = "<group>"; };
		9F29FF461BF463D000232E8E /* YCUserFriendsManager.m */ = {isa = PBXFileReference; fileEncoding = 4; lastKnownFileType = sourcecode.c.objc; path = YCUserFriendsManager.m; sourceTree = "<group>"; };
		9F29FF471BF463D000232E8E /* YCUserImageManager.h */ = {isa = PBXFileReference; fileEncoding = 4; lastKnownFileType = sourcecode.c.h; path = YCUserImageManager.h; sourceTree = "<group>"; };
		9F29FF481BF463D000232E8E /* YCUserImageManager.m */ = {isa = PBXFileReference; fileEncoding = 4; lastKnownFileType = sourcecode.c.objc; path = YCUserImageManager.m; sourceTree = "<group>"; };
		9F29FF491BF463D000232E8E /* YCUserManager.h */ = {isa = PBXFileReference; fileEncoding = 4; lastKnownFileType = sourcecode.c.h; path = YCUserManager.h; sourceTree = "<group>"; };
		9F29FF4A1BF463D000232E8E /* YCUserManager.m */ = {isa = PBXFileReference; fileEncoding = 4; lastKnownFileType = sourcecode.c.objc; path = YCUserManager.m; sourceTree = "<group>"; };
		9F29FF4B1BF463D000232E8E /* YCUsers.h */ = {isa = PBXFileReference; fileEncoding = 4; lastKnownFileType = sourcecode.c.h; path = YCUsers.h; sourceTree = "<group>"; };
		9F29FF511BF46DA800232E8E /* DeformationButton.h */ = {isa = PBXFileReference; fileEncoding = 4; lastKnownFileType = sourcecode.c.h; path = DeformationButton.h; sourceTree = "<group>"; };
		9F29FF521BF46DA800232E8E /* DeformationButton.m */ = {isa = PBXFileReference; fileEncoding = 4; lastKnownFileType = sourcecode.c.objc; path = DeformationButton.m; sourceTree = "<group>"; };
		9F29FF541BF46DA800232E8E /* MMMaterialDesignSpinner.h */ = {isa = PBXFileReference; fileEncoding = 4; lastKnownFileType = sourcecode.c.h; path = MMMaterialDesignSpinner.h; sourceTree = "<group>"; };
		9F29FF551BF46DA800232E8E /* MMMaterialDesignSpinner.m */ = {isa = PBXFileReference; fileEncoding = 4; lastKnownFileType = sourcecode.c.objc; path = MMMaterialDesignSpinner.m; sourceTree = "<group>"; };
		9F29FF581BF4823900232E8E /* RegisterViewController.h */ = {isa = PBXFileReference; fileEncoding = 4; lastKnownFileType = sourcecode.c.h; path = RegisterViewController.h; sourceTree = "<group>"; };
		9F29FF591BF4823900232E8E /* RegisterViewController.m */ = {isa = PBXFileReference; fileEncoding = 4; lastKnownFileType = sourcecode.c.objc; path = RegisterViewController.m; sourceTree = "<group>"; };
		9F29FF5A1BF4823900232E8E /* RegisterViewController.xib */ = {isa = PBXFileReference; fileEncoding = 4; lastKnownFileType = file.xib; path = RegisterViewController.xib; sourceTree = "<group>"; };
		9F29FF641BF4C29C00232E8E /* RegisterSettingsViewController.h */ = {isa = PBXFileReference; fileEncoding = 4; lastKnownFileType = sourcecode.c.h; path = RegisterSettingsViewController.h; sourceTree = "<group>"; };
		9F29FF651BF4C29C00232E8E /* RegisterSettingsViewController.m */ = {isa = PBXFileReference; fileEncoding = 4; lastKnownFileType = sourcecode.c.objc; path = RegisterSettingsViewController.m; sourceTree = "<group>"; };
		9F29FF661BF4C29C00232E8E /* RegisterSettingsViewController.xib */ = {isa = PBXFileReference; fileEncoding = 4; lastKnownFileType = file.xib; path = RegisterSettingsViewController.xib; sourceTree = "<group>"; };
		9F2D91181BF0976B00BB0330 /* RegisterImage@2x.png */ = {isa = PBXFileReference; lastKnownFileType = image.png; path = "RegisterImage@2x.png"; sourceTree = "<group>"; };
		9FC1BABC1BF177CC00FD46D0 /* Icon-100.png */ = {isa = PBXFileReference; lastKnownFileType = image.png; path = "Icon-100.png"; sourceTree = "<group>"; };
		9FC1BABD1BF177CC00FD46D0 /* Icon-108.png */ = {isa = PBXFileReference; lastKnownFileType = image.png; path = "Icon-108.png"; sourceTree = "<group>"; };
		9FC1BABE1BF177CC00FD46D0 /* Icon-114.png */ = {isa = PBXFileReference; lastKnownFileType = image.png; path = "Icon-114.png"; sourceTree = "<group>"; };
		9FC1BABF1BF177CC00FD46D0 /* Icon-120.png */ = {isa = PBXFileReference; lastKnownFileType = image.png; path = "Icon-120.png"; sourceTree = "<group>"; };
		9FC1BAC01BF177CC00FD46D0 /* Icon-128.png */ = {isa = PBXFileReference; lastKnownFileType = image.png; path = "Icon-128.png"; sourceTree = "<group>"; };
		9FC1BAC11BF177CC00FD46D0 /* Icon-144.png */ = {isa = PBXFileReference; lastKnownFileType = image.png; path = "Icon-144.png"; sourceTree = "<group>"; };
		9FC1BAC21BF177CC00FD46D0 /* Icon-152.png */ = {isa = PBXFileReference; lastKnownFileType = image.png; path = "Icon-152.png"; sourceTree = "<group>"; };
		9FC1BAC31BF177CC00FD46D0 /* Icon-155.png */ = {isa = PBXFileReference; lastKnownFileType = image.png; path = "Icon-155.png"; sourceTree = "<group>"; };
		9FC1BAC41BF177CC00FD46D0 /* Icon-16.png */ = {isa = PBXFileReference; lastKnownFileType = image.png; path = "Icon-16.png"; sourceTree = "<group>"; };
		9FC1BAC51BF177CC00FD46D0 /* Icon-180.png */ = {isa = PBXFileReference; lastKnownFileType = image.png; path = "Icon-180.png"; sourceTree = "<group>"; };
		9FC1BAC61BF177CC00FD46D0 /* Icon-256.png */ = {isa = PBXFileReference; lastKnownFileType = image.png; path = "Icon-256.png"; sourceTree = "<group>"; };
		9FC1BAC71BF177CC00FD46D0 /* Icon-28.png */ = {isa = PBXFileReference; lastKnownFileType = image.png; path = "Icon-28.png"; sourceTree = "<group>"; };
		9FC1BAC81BF177CC00FD46D0 /* Icon-29.png */ = {isa = PBXFileReference; lastKnownFileType = image.png; path = "Icon-29.png"; sourceTree = "<group>"; };
		9FC1BAC91BF177CC00FD46D0 /* Icon-40.png */ = {isa = PBXFileReference; lastKnownFileType = image.png; path = "Icon-40.png"; sourceTree = "<group>"; };
		9FC1BACA1BF177CC00FD46D0 /* Icon-50.png */ = {isa = PBXFileReference; lastKnownFileType = image.png; path = "Icon-50.png"; sourceTree = "<group>"; };
		9FC1BACB1BF177CC00FD46D0 /* Icon-512.png */ = {isa = PBXFileReference; lastKnownFileType = image.png; path = "Icon-512.png"; sourceTree = "<group>"; };
		9FC1BACC1BF177CC00FD46D0 /* Icon-57.png */ = {isa = PBXFileReference; lastKnownFileType = image.png; path = "Icon-57.png"; sourceTree = "<group>"; };
		9FC1BACD1BF177CC00FD46D0 /* Icon-58.png */ = {isa = PBXFileReference; lastKnownFileType = image.png; path = "Icon-58.png"; sourceTree = "<group>"; };
		9FC1BACE1BF177CC00FD46D0 /* Icon-60.png */ = {isa = PBXFileReference; lastKnownFileType = image.png; path = "Icon-60.png"; sourceTree = "<group>"; };
		9FC1BACF1BF177CC00FD46D0 /* Icon-64.png */ = {isa = PBXFileReference; lastKnownFileType = image.png; path = "Icon-64.png"; sourceTree = "<group>"; };
		9FC1BAD01BF177CC00FD46D0 /* Icon-72.png */ = {isa = PBXFileReference; lastKnownFileType = image.png; path = "Icon-72.png"; sourceTree = "<group>"; };
		9FC1BAD11BF177CC00FD46D0 /* Icon-76.png */ = {isa = PBXFileReference; lastKnownFileType = image.png; path = "Icon-76.png"; sourceTree = "<group>"; };
		9FC1BAD21BF177CC00FD46D0 /* Icon-80.png */ = {isa = PBXFileReference; lastKnownFileType = image.png; path = "Icon-80.png"; sourceTree = "<group>"; };
		9FC1BAD31BF177CC00FD46D0 /* Icon-87.png */ = {isa = PBXFileReference; lastKnownFileType = image.png; path = "Icon-87.png"; sourceTree = "<group>"; };
		9FC1BAD41BF177CC00FD46D0 /* Icon-90.png */ = {isa = PBXFileReference; lastKnownFileType = image.png; path = "Icon-90.png"; sourceTree = "<group>"; };
		9FC1BAD51BF177CC00FD46D0 /* icon.png */ = {isa = PBXFileReference; lastKnownFileType = image.png; path = icon.png; sourceTree = "<group>"; };
		E8BDDCEF1FBFB948E7B508F5 /* Pods.debug.xcconfig */ = {isa = PBXFileReference; includeInIndex = 1; lastKnownFileType = text.xcconfig; name = Pods.debug.xcconfig; path = "Pods/Target Support Files/Pods/Pods.debug.xcconfig"; sourceTree = "<group>"; };
/* End PBXFileReference section */

/* Begin PBXFrameworksBuildPhase section */
		9F1202041BF03F4A002C508C /* Frameworks */ = {
			isa = PBXFrameworksBuildPhase;
			buildActionMask = 2147483647;
			files = (
				7A6921C852331609747245B5 /* libPods.a in Frameworks */,
			);
			runOnlyForDeploymentPostprocessing = 0;
		};
/* End PBXFrameworksBuildPhase section */

/* Begin PBXGroup section */
		67E1D821788ABCA322B9B31C /* Frameworks */ = {
			isa = PBXGroup;
			children = (
				823755C7B1E653634711E5ED /* libPods.a */,
			);
			name = Frameworks;
			sourceTree = "<group>";
		};
		9F1201FE1BF03F4A002C508C = {
			isa = PBXGroup;
			children = (
				9F1202351BF03FA4002C508C /* CareDPrefixHeader.pch */,
				9F1202091BF03F4A002C508C /* CareD */,
				9F1202081BF03F4A002C508C /* Products */,
				C90F3E92E59019F5BD583C10 /* Pods */,
				67E1D821788ABCA322B9B31C /* Frameworks */,
			);
			sourceTree = "<group>";
		};
		9F1202081BF03F4A002C508C /* Products */ = {
			isa = PBXGroup;
			children = (
				9F1202071BF03F4A002C508C /* CareD.app */,
			);
			name = Products;
			sourceTree = "<group>";
		};
		9F1202091BF03F4A002C508C /* CareD */ = {
			isa = PBXGroup;
			children = (
				9F1202431BF04FCB002C508C /* Classes */,
				9F1202131BF03F4A002C508C /* Main.storyboard */,
				9F1202191BF03F4A002C508C /* Assets.xcassets */,
				9F12021B1BF03F4A002C508C /* LaunchScreen.storyboard */,
				9F12021E1BF03F4A002C508C /* Info.plist */,
				9F1202161BF03F4A002C508C /* CareD.xcdatamodeld */,
				9F12020A1BF03F4A002C508C /* Supporting Files */,
			);
			path = CareD;
			sourceTree = "<group>";
		};
		9F12020A1BF03F4A002C508C /* Supporting Files */ = {
			isa = PBXGroup;
			children = (
				9F12020B1BF03F4A002C508C /* main.m */,
			);
			name = "Supporting Files";
			sourceTree = "<group>";
		};
		9F1202431BF04FCB002C508C /* Classes */ = {
			isa = PBXGroup;
			children = (
				9F1202441BF04FCB002C508C /* AppDelegate */,
				9F1202471BF04FCB002C508C /* General */,
				9F1202521BF04FCB002C508C /* Helpers */,
				9F1202541BF04FCB002C508C /* Macro */,
				9F1202561BF04FCB002C508C /* Models */,
				9F1202581BF04FCB002C508C /* Resources */,
				9F12025A1BF04FCB002C508C /* Scenes */,
				9F12026A1BF04FCB002C508C /* Vendors */,
			);
			path = Classes;
			sourceTree = "<group>";
		};
		9F1202441BF04FCB002C508C /* AppDelegate */ = {
			isa = PBXGroup;
			children = (
				9F1202451BF04FCB002C508C /* AppDelegate.h */,
				9F1202461BF04FCB002C508C /* AppDelegate.m */,
			);
			path = AppDelegate;
			sourceTree = "<group>";
		};
		9F1202471BF04FCB002C508C /* General */ = {
			isa = PBXGroup;
			children = (
				9F1202481BF04FCB002C508C /* Categories */,
				9F12024A1BF04FCB002C508C /* Defines */,
				9F12024E1BF04FCB002C508C /* ViewControllers */,
				9F1202501BF04FCB002C508C /* Views */,
			);
			path = General;
			sourceTree = "<group>";
		};
		9F1202481BF04FCB002C508C /* Categories */ = {
			isa = PBXGroup;
			children = (
				9F1202491BF04FCB002C508C /* 请删除.rtf */,
			);
			path = Categories;
			sourceTree = "<group>";
		};
		9F12024A1BF04FCB002C508C /* Defines */ = {
			isa = PBXGroup;
			children = (
				9F12024B1BF04FCB002C508C /* GreenDefines.h */,
				9F12024C1BF04FCB002C508C /* HYDefines.h */,
				9F12024D1BF04FCB002C508C /* LakeDefines.h */,
			);
			path = Defines;
			sourceTree = "<group>";
		};
		9F12024E1BF04FCB002C508C /* ViewControllers */ = {
			isa = PBXGroup;
			children = (
				9F12024F1BF04FCB002C508C /* 请删除.rtf */,
			);
			path = ViewControllers;
			sourceTree = "<group>";
		};
		9F1202501BF04FCB002C508C /* Views */ = {
			isa = PBXGroup;
			children = (
				9F1202511BF04FCB002C508C /* 请删除.rtf */,
			);
			path = Views;
			sourceTree = "<group>";
		};
		9F1202521BF04FCB002C508C /* Helpers */ = {
			isa = PBXGroup;
			children = (
				9F1202531BF04FCB002C508C /* 请删除.rtf */,
			);
			path = Helpers;
			sourceTree = "<group>";
		};
		9F1202541BF04FCB002C508C /* Macro */ = {
			isa = PBXGroup;
			children = (
				9F1202551BF04FCB002C508C /* 请删除.rtf */,
			);
			path = Macro;
			sourceTree = "<group>";
		};
		9F1202561BF04FCB002C508C /* Models */ = {
			isa = PBXGroup;
			children = (
				9F1202571BF04FCB002C508C /* 请删除.rtf */,
			);
			path = Models;
			sourceTree = "<group>";
		};
		9F1202581BF04FCB002C508C /* Resources */ = {
			isa = PBXGroup;
			children = (
				9F1202881BF06B7A002C508C /* Images */,
			);
			path = Resources;
			sourceTree = "<group>";
		};
		9F12025A1BF04FCB002C508C /* Scenes */ = {
			isa = PBXGroup;
			children = (
				9F12025B1BF04FCB002C508C /* Green */,
				9F1202601BF04FCB002C508C /* Lake */,
				9F1202651BF04FCB002C508C /* YHY */,
			);
			path = Scenes;
			sourceTree = "<group>";
		};
		9F12025B1BF04FCB002C508C /* Green */ = {
			isa = PBXGroup;
			children = (
				9F12025C1BF04FCB002C508C /* View */,
				9F12025E1BF04FCB002C508C /* ViewController */,
			);
			path = Green;
			sourceTree = "<group>";
		};
		9F12025C1BF04FCB002C508C /* View */ = {
			isa = PBXGroup;
			children = (
				9F12025D1BF04FCB002C508C /* 请删除.rtf */,
			);
			path = View;
			sourceTree = "<group>";
		};
		9F12025E1BF04FCB002C508C /* ViewController */ = {
			isa = PBXGroup;
			children = (
				9F12025F1BF04FCB002C508C /* 请删除.rtf */,
			);
			path = ViewController;
			sourceTree = "<group>";
		};
		9F1202601BF04FCB002C508C /* Lake */ = {
			isa = PBXGroup;
			children = (
				9F29FF5D1BF4C21D00232E8E /* RegisterSettings */,
				9F12027B1BF06348002C508C /* Login */,
				9F2D910A1BF0935700BB0330 /* Register */,
				9F1202611BF04FCB002C508C /* View */,
				9F1202631BF04FCB002C508C /* ViewController */,
			);
			path = Lake;
			sourceTree = "<group>";
		};
		9F1202611BF04FCB002C508C /* View */ = {
			isa = PBXGroup;
			children = (
				9F1202621BF04FCB002C508C /* 请删除.rtf */,
			);
			path = View;
			sourceTree = "<group>";
		};
		9F1202631BF04FCB002C508C /* ViewController */ = {
			isa = PBXGroup;
			children = (
				9F1202641BF04FCB002C508C /* 请删除.rtf */,
			);
			path = ViewController;
			sourceTree = "<group>";
		};
		9F1202651BF04FCB002C508C /* YHY */ = {
			isa = PBXGroup;
			children = (
				9F1202661BF04FCB002C508C /* View */,
				9F1202681BF04FCB002C508C /* ViewController */,
			);
			path = YHY;
			sourceTree = "<group>";
		};
		9F1202661BF04FCB002C508C /* View */ = {
			isa = PBXGroup;
			children = (
				9F1202671BF04FCB002C508C /* 请删除.rtf */,
			);
			path = View;
			sourceTree = "<group>";
		};
		9F1202681BF04FCB002C508C /* ViewController */ = {
			isa = PBXGroup;
			children = (
				9F1202691BF04FCB002C508C /* 请删除.rtf */,
			);
			path = ViewController;
			sourceTree = "<group>";
		};
		9F12026A1BF04FCB002C508C /* Vendors */ = {
			isa = PBXGroup;
			children = (
				9F29FF4F1BF46DA800232E8E /* DeformationButton */,
				9F29FF431BF463D000232E8E /* YCChatManagers */,
				9F12029D1BF06D1D002C508C /* UIShakeView */,
			);
			path = Vendors;
			sourceTree = "<group>";
		};
		9F12027B1BF06348002C508C /* Login */ = {
			isa = PBXGroup;
			children = (
				9F12027C1BF06348002C508C /* View */,
				9F12027E1BF06348002C508C /* ViewController */,
			);
			path = Login;
			sourceTree = "<group>";
		};
		9F12027C1BF06348002C508C /* View */ = {
			isa = PBXGroup;
			children = (
				9F1202851BF0636D002C508C /* LoginView.h */,
				9F1202861BF0636D002C508C /* LoginView.m */,
			);
			path = View;
			sourceTree = "<group>";
		};
		9F12027E1BF06348002C508C /* ViewController */ = {
			isa = PBXGroup;
			children = (
				9F1202821BF06360002C508C /* LoginViewController.h */,
				9F1202831BF06360002C508C /* LoginViewController.m */,
			);
			path = ViewController;
			sourceTree = "<group>";
		};
		9F1202881BF06B7A002C508C /* Images */ = {
			isa = PBXGroup;
			children = (
				9FC1BABB1BF177CC00FD46D0 /* icon */,
				9F2D91171BF0976B00BB0330 /* Register */,
				9F1202891BF06B7A002C508C /* Login */,
				9F12028B1BF06B7A002C508C /* Logo */,
			);
			path = Images;
			sourceTree = "<group>";
		};
		9F1202891BF06B7A002C508C /* Login */ = {
			isa = PBXGroup;
			children = (
				9F12028A1BF06B7A002C508C /* loginImage@2x.png */,
			);
			path = Login;
			sourceTree = "<group>";
		};
		9F12028B1BF06B7A002C508C /* Logo */ = {
			isa = PBXGroup;
			children = (
				9F12028C1BF06B7A002C508C /* Black */,
				9F1202901BF06B7A002C508C /* White */,
			);
			path = Logo;
			sourceTree = "<group>";
		};
		9F12028C1BF06B7A002C508C /* Black */ = {
			isa = PBXGroup;
			children = (
				9F12028D1BF06B7A002C508C /* logo.png */,
				9F12028E1BF06B7A002C508C /* logo@2x.png */,
				9F12028F1BF06B7A002C508C /* logo@3x.png */,
			);
			path = Black;
			sourceTree = "<group>";
		};
		9F1202901BF06B7A002C508C /* White */ = {
			isa = PBXGroup;
			children = (
				9F1202911BF06B7A002C508C /* logo.png */,
				9F1202921BF06B7A002C508C /* logo@2x.png */,
				9F1202931BF06B7A002C508C /* logo@3x.png */,
			);
			path = White;
			sourceTree = "<group>";
		};
		9F12029D1BF06D1D002C508C /* UIShakeView */ = {
			isa = PBXGroup;
			children = (
				9F12029E1BF06D1D002C508C /* UIShakeView.h */,
				9F12029F1BF06D1D002C508C /* UIShakeView.m */,
			);
			path = UIShakeView;
			sourceTree = "<group>";
		};
		9F29FF431BF463D000232E8E /* YCChatManagers */ = {
			isa = PBXGroup;
			children = (
				9F29FF441BF463D000232E8E /* YCUserDefines.h */,
				9F29FF451BF463D000232E8E /* YCUserFriendsManager.h */,
				9F29FF461BF463D000232E8E /* YCUserFriendsManager.m */,
				9F29FF471BF463D000232E8E /* YCUserImageManager.h */,
				9F29FF481BF463D000232E8E /* YCUserImageManager.m */,
				9F29FF491BF463D000232E8E /* YCUserManager.h */,
				9F29FF4A1BF463D000232E8E /* YCUserManager.m */,
				9F29FF4B1BF463D000232E8E /* YCUsers.h */,
			);
			path = YCChatManagers;
			sourceTree = "<group>";
		};
		9F29FF4F1BF46DA800232E8E /* DeformationButton */ = {
			isa = PBXGroup;
			children = (
				9F29FF501BF46DA800232E8E /* Source */,
			);
			path = DeformationButton;
			sourceTree = "<group>";
		};
		9F29FF501BF46DA800232E8E /* Source */ = {
			isa = PBXGroup;
			children = (
				9F29FF511BF46DA800232E8E /* DeformationButton.h */,
				9F29FF521BF46DA800232E8E /* DeformationButton.m */,
				9F29FF531BF46DA800232E8E /* MMMaterialDesignSpinner-master */,
			);
			path = Source;
			sourceTree = "<group>";
		};
		9F29FF531BF46DA800232E8E /* MMMaterialDesignSpinner-master */ = {
			isa = PBXGroup;
			children = (
				9F29FF541BF46DA800232E8E /* MMMaterialDesignSpinner.h */,
				9F29FF551BF46DA800232E8E /* MMMaterialDesignSpinner.m */,
			);
			path = "MMMaterialDesignSpinner-master";
			sourceTree = "<group>";
		};
		9F29FF5D1BF4C21D00232E8E /* RegisterSettings */ = {
			isa = PBXGroup;
			children = (
				9F29FF5E1BF4C21D00232E8E /* View */,
				9F29FF601BF4C21D00232E8E /* ViewController */,
			);
			path = RegisterSettings;
			sourceTree = "<group>";
		};
		9F29FF5E1BF4C21D00232E8E /* View */ = {
			isa = PBXGroup;
			children = (
			);
			path = View;
			sourceTree = "<group>";
		};
		9F29FF601BF4C21D00232E8E /* ViewController */ = {
			isa = PBXGroup;
			children = (
				9F29FF641BF4C29C00232E8E /* RegisterSettingsViewController.h */,
				9F29FF651BF4C29C00232E8E /* RegisterSettingsViewController.m */,
				9F29FF661BF4C29C00232E8E /* RegisterSettingsViewController.xib */,
			);
			path = ViewController;
			sourceTree = "<group>";
		};
		9F2D910A1BF0935700BB0330 /* Register */ = {
			isa = PBXGroup;
			children = (
				9F2D910B1BF0935700BB0330 /* View */,
				9F2D910D1BF0935700BB0330 /* ViewController */,
			);
			path = Register;
			sourceTree = "<group>";
		};
		9F2D910B1BF0935700BB0330 /* View */ = {
			isa = PBXGroup;
			children = (
			);
			path = View;
			sourceTree = "<group>";
		};
		9F2D910D1BF0935700BB0330 /* ViewController */ = {
			isa = PBXGroup;
			children = (
				9F29FF581BF4823900232E8E /* RegisterViewController.h */,
				9F29FF591BF4823900232E8E /* RegisterViewController.m */,
				9F29FF5A1BF4823900232E8E /* RegisterViewController.xib */,
			);
			path = ViewController;
			sourceTree = "<group>";
		};
		9F2D91171BF0976B00BB0330 /* Register */ = {
			isa = PBXGroup;
			children = (
				9F2D91181BF0976B00BB0330 /* RegisterImage@2x.png */,
			);
			path = Register;
			sourceTree = "<group>";
		};
		9FC1BABB1BF177CC00FD46D0 /* icon */ = {
			isa = PBXGroup;
			children = (
				9FC1BABC1BF177CC00FD46D0 /* Icon-100.png */,
				9FC1BABD1BF177CC00FD46D0 /* Icon-108.png */,
				9FC1BABE1BF177CC00FD46D0 /* Icon-114.png */,
				9FC1BABF1BF177CC00FD46D0 /* Icon-120.png */,
				9FC1BAC01BF177CC00FD46D0 /* Icon-128.png */,
				9FC1BAC11BF177CC00FD46D0 /* Icon-144.png */,
				9FC1BAC21BF177CC00FD46D0 /* Icon-152.png */,
				9FC1BAC31BF177CC00FD46D0 /* Icon-155.png */,
				9FC1BAC41BF177CC00FD46D0 /* Icon-16.png */,
				9FC1BAC51BF177CC00FD46D0 /* Icon-180.png */,
				9FC1BAC61BF177CC00FD46D0 /* Icon-256.png */,
				9FC1BAC71BF177CC00FD46D0 /* Icon-28.png */,
				9FC1BAC81BF177CC00FD46D0 /* Icon-29.png */,
				9FC1BAC91BF177CC00FD46D0 /* Icon-40.png */,
				9FC1BACA1BF177CC00FD46D0 /* Icon-50.png */,
				9FC1BACB1BF177CC00FD46D0 /* Icon-512.png */,
				9FC1BACC1BF177CC00FD46D0 /* Icon-57.png */,
				9FC1BACD1BF177CC00FD46D0 /* Icon-58.png */,
				9FC1BACE1BF177CC00FD46D0 /* Icon-60.png */,
				9FC1BACF1BF177CC00FD46D0 /* Icon-64.png */,
				9FC1BAD01BF177CC00FD46D0 /* Icon-72.png */,
				9FC1BAD11BF177CC00FD46D0 /* Icon-76.png */,
				9FC1BAD21BF177CC00FD46D0 /* Icon-80.png */,
				9FC1BAD31BF177CC00FD46D0 /* Icon-87.png */,
				9FC1BAD41BF177CC00FD46D0 /* Icon-90.png */,
				9FC1BAD51BF177CC00FD46D0 /* icon.png */,
			);
			path = icon;
			sourceTree = "<group>";
		};
		C90F3E92E59019F5BD583C10 /* Pods */ = {
			isa = PBXGroup;
			children = (
				E8BDDCEF1FBFB948E7B508F5 /* Pods.debug.xcconfig */,
				6A1FC9043D8FC67A0E655F80 /* Pods.release.xcconfig */,
			);
			name = Pods;
			sourceTree = "<group>";
		};
/* End PBXGroup section */

/* Begin PBXNativeTarget section */
		9F1202061BF03F4A002C508C /* CareD */ = {
			isa = PBXNativeTarget;
			buildConfigurationList = 9F1202211BF03F4A002C508C /* Build configuration list for PBXNativeTarget "CareD" */;
			buildPhases = (
				F73BBA04494071D5BB1E3D4A /* Check Pods Manifest.lock */,
				9F1202031BF03F4A002C508C /* Sources */,
				9F1202041BF03F4A002C508C /* Frameworks */,
				9F1202051BF03F4A002C508C /* Resources */,
				81547B37447BA5C4A78A395E /* Copy Pods Resources */,
			);
			buildRules = (
			);
			dependencies = (
			);
			name = CareD;
			productName = CareD;
			productReference = 9F1202071BF03F4A002C508C /* CareD.app */;
			productType = "com.apple.product-type.application";
		};
/* End PBXNativeTarget section */

/* Begin PBXProject section */
		9F1201FF1BF03F4A002C508C /* Project object */ = {
			isa = PBXProject;
			attributes = {
				LastUpgradeCheck = 0710;
				ORGANIZATIONNAME = "Tec-Erica";
				TargetAttributes = {
					9F1202061BF03F4A002C508C = {
						CreatedOnToolsVersion = 7.1;
						DevelopmentTeam = 75693XATVN;
					};
				};
			};
			buildConfigurationList = 9F1202021BF03F4A002C508C /* Build configuration list for PBXProject "CareD" */;
			compatibilityVersion = "Xcode 3.2";
			developmentRegion = English;
			hasScannedForEncodings = 0;
			knownRegions = (
				en,
				Base,
			);
			mainGroup = 9F1201FE1BF03F4A002C508C;
			productRefGroup = 9F1202081BF03F4A002C508C /* Products */;
			projectDirPath = "";
			projectRoot = "";
			targets = (
				9F1202061BF03F4A002C508C /* CareD */,
			);
		};
/* End PBXProject section */

/* Begin PBXResourcesBuildPhase section */
		9F1202051BF03F4A002C508C /* Resources */ = {
			isa = PBXResourcesBuildPhase;
			buildActionMask = 2147483647;
			files = (
				9FC1BAE61BF177CC00FD46D0 /* Icon-57.png in Resources */,
				9F29FF5C1BF4823900232E8E /* RegisterViewController.xib in Resources */,
				9FC1BAEF1BF177CC00FD46D0 /* icon.png in Resources */,
				9FC1BAE31BF177CC00FD46D0 /* Icon-40.png in Resources */,
				9F12029A1BF06B7A002C508C /* logo@2x.png in Resources */,
				9F1202751BF04FCB002C508C /* 请删除.rtf in Resources */,
				9F1202721BF04FCB002C508C /* 请删除.rtf in Resources */,
				9F1202991BF06B7A002C508C /* logo.png in Resources */,
				9F12026F1BF04FCB002C508C /* 请删除.rtf in Resources */,
				9F1202781BF04FCB002C508C /* 请删除.rtf in Resources */,
				9F12026D1BF04FCB002C508C /* 请删除.rtf in Resources */,
				9F1202971BF06B7A002C508C /* logo@2x.png in Resources */,
				9FC1BAED1BF177CC00FD46D0 /* Icon-87.png in Resources */,
				9FC1BAE41BF177CC00FD46D0 /* Icon-50.png in Resources */,
				9FC1BAE51BF177CC00FD46D0 /* Icon-512.png in Resources */,
				9F12021D1BF03F4A002C508C /* LaunchScreen.storyboard in Resources */,
				9F12029B1BF06B7A002C508C /* logo@3x.png in Resources */,
				9F12021A1BF03F4A002C508C /* Assets.xcassets in Resources */,
				9FC1BAE21BF177CC00FD46D0 /* Icon-29.png in Resources */,
				9F1202711BF04FCB002C508C /* 请删除.rtf in Resources */,
				9FC1BAEB1BF177CC00FD46D0 /* Icon-76.png in Resources */,
				9F12026E1BF04FCB002C508C /* 请删除.rtf in Resources */,
				9FC1BAE71BF177CC00FD46D0 /* Icon-58.png in Resources */,
				9FC1BAE91BF177CC00FD46D0 /* Icon-64.png in Resources */,
				9FC1BADF1BF177CC00FD46D0 /* Icon-180.png in Resources */,
				9FC1BADC1BF177CC00FD46D0 /* Icon-152.png in Resources */,
				9F29FF681BF4C29C00232E8E /* RegisterSettingsViewController.xib in Resources */,
				9FC1BADD1BF177CC00FD46D0 /* Icon-155.png in Resources */,
				9F1202741BF04FCB002C508C /* 请删除.rtf in Resources */,
				9F1202701BF04FCB002C508C /* 请删除.rtf in Resources */,
				9FC1BAEA1BF177CC00FD46D0 /* Icon-72.png in Resources */,
				9FC1BAD81BF177CC00FD46D0 /* Icon-114.png in Resources */,
				9FC1BAEE1BF177CC00FD46D0 /* Icon-90.png in Resources */,
				9F1202961BF06B7A002C508C /* logo.png in Resources */,
				9FC1BAE81BF177CC00FD46D0 /* Icon-60.png in Resources */,
				9FC1BAE01BF177CC00FD46D0 /* Icon-256.png in Resources */,
				9F1202791BF04FCB002C508C /* 请删除.rtf in Resources */,
				9F1202951BF06B7A002C508C /* loginImage@2x.png in Resources */,
				9FC1BAD71BF177CC00FD46D0 /* Icon-108.png in Resources */,
				9F1202151BF03F4A002C508C /* Main.storyboard in Resources */,
				9FC1BAE11BF177CC00FD46D0 /* Icon-28.png in Resources */,
				9FC1BADB1BF177CC00FD46D0 /* Icon-144.png in Resources */,
				9F1202771BF04FCB002C508C /* 请删除.rtf in Resources */,
				9FC1BAEC1BF177CC00FD46D0 /* Icon-80.png in Resources */,
				9F1202981BF06B7A002C508C /* logo@3x.png in Resources */,
				9F2D91191BF0976B00BB0330 /* RegisterImage@2x.png in Resources */,
				9FC1BADE1BF177CC00FD46D0 /* Icon-16.png in Resources */,
				9FC1BADA1BF177CC00FD46D0 /* Icon-128.png in Resources */,
				9FC1BAD61BF177CC00FD46D0 /* Icon-100.png in Resources */,
				9FC1BAD91BF177CC00FD46D0 /* Icon-120.png in Resources */,
				9F1202761BF04FCB002C508C /* 请删除.rtf in Resources */,
			);
			runOnlyForDeploymentPostprocessing = 0;
		};
/* End PBXResourcesBuildPhase section */

/* Begin PBXShellScriptBuildPhase section */
		81547B37447BA5C4A78A395E /* Copy Pods Resources */ = {
			isa = PBXShellScriptBuildPhase;
			buildActionMask = 2147483647;
			files = (
			);
			inputPaths = (
			);
			name = "Copy Pods Resources";
			outputPaths = (
			);
			runOnlyForDeploymentPostprocessing = 0;
			shellPath = /bin/sh;
			shellScript = "\"${SRCROOT}/Pods/Target Support Files/Pods/Pods-resources.sh\"\n";
			showEnvVarsInLog = 0;
		};
		F73BBA04494071D5BB1E3D4A /* Check Pods Manifest.lock */ = {
			isa = PBXShellScriptBuildPhase;
			buildActionMask = 2147483647;
			files = (
			);
			inputPaths = (
			);
			name = "Check Pods Manifest.lock";
			outputPaths = (
			);
			runOnlyForDeploymentPostprocessing = 0;
			shellPath = /bin/sh;
			shellScript = "diff \"${PODS_ROOT}/../Podfile.lock\" \"${PODS_ROOT}/Manifest.lock\" > /dev/null\nif [[ $? != 0 ]] ; then\n    cat << EOM\nerror: The sandbox is not in sync with the Podfile.lock. Run 'pod install' or update your CocoaPods installation.\nEOM\n    exit 1\nfi\n";
			showEnvVarsInLog = 0;
		};
/* End PBXShellScriptBuildPhase section */

/* Begin PBXSourcesBuildPhase section */
		9F1202031BF03F4A002C508C /* Sources */ = {
			isa = PBXSourcesBuildPhase;
			buildActionMask = 2147483647;
			files = (
				9F1202841BF06360002C508C /* LoginViewController.m in Sources */,
				9F1202181BF03F4A002C508C /* CareD.xcdatamodeld in Sources */,
				9F29FF4C1BF463D000232E8E /* YCUserFriendsManager.m in Sources */,
				9F12020C1BF03F4A002C508C /* main.m in Sources */,
				9F1202871BF0636D002C508C /* LoginView.m in Sources */,
				9F29FF571BF46DA800232E8E /* MMMaterialDesignSpinner.m in Sources */,
				9F29FF4E1BF463D000232E8E /* YCUserManager.m in Sources */,
				9F29FF5B1BF4823900232E8E /* RegisterViewController.m in Sources */,
				9F29FF561BF46DA800232E8E /* DeformationButton.m in Sources */,
				9F12026C1BF04FCB002C508C /* AppDelegate.m in Sources */,
				9F29FF671BF4C29C00232E8E /* RegisterSettingsViewController.m in Sources */,
				9F1202A01BF06D1D002C508C /* UIShakeView.m in Sources */,
				9F29FF4D1BF463D000232E8E /* YCUserImageManager.m in Sources */,
			);
			runOnlyForDeploymentPostprocessing = 0;
		};
/* End PBXSourcesBuildPhase section */

/* Begin PBXVariantGroup section */
		9F1202131BF03F4A002C508C /* Main.storyboard */ = {
			isa = PBXVariantGroup;
			children = (
				9F1202141BF03F4A002C508C /* Base */,
			);
			name = Main.storyboard;
			sourceTree = "<group>";
		};
		9F12021B1BF03F4A002C508C /* LaunchScreen.storyboard */ = {
			isa = PBXVariantGroup;
			children = (
				9F12021C1BF03F4A002C508C /* Base */,
			);
			name = LaunchScreen.storyboard;
			sourceTree = "<group>";
		};
/* End PBXVariantGroup section */

/* Begin XCBuildConfiguration section */
		9F12021F1BF03F4A002C508C /* Debug */ = {
			isa = XCBuildConfiguration;
			buildSettings = {
				ALWAYS_SEARCH_USER_PATHS = NO;
				CLANG_CXX_LANGUAGE_STANDARD = "gnu++0x";
				CLANG_CXX_LIBRARY = "libc++";
				CLANG_ENABLE_MODULES = YES;
				CLANG_ENABLE_OBJC_ARC = YES;
				CLANG_WARN_BOOL_CONVERSION = YES;
				CLANG_WARN_CONSTANT_CONVERSION = YES;
				CLANG_WARN_DIRECT_OBJC_ISA_USAGE = YES_ERROR;
				CLANG_WARN_EMPTY_BODY = YES;
				CLANG_WARN_ENUM_CONVERSION = YES;
				CLANG_WARN_INT_CONVERSION = YES;
				CLANG_WARN_OBJC_ROOT_CLASS = YES_ERROR;
				CLANG_WARN_UNREACHABLE_CODE = YES;
				CLANG_WARN__DUPLICATE_METHOD_MATCH = YES;
				"CODE_SIGN_IDENTITY[sdk=iphoneos*]" = "iPhone Developer";
				COPY_PHASE_STRIP = NO;
				DEBUG_INFORMATION_FORMAT = dwarf;
				ENABLE_STRICT_OBJC_MSGSEND = YES;
				ENABLE_TESTABILITY = YES;
				GCC_C_LANGUAGE_STANDARD = gnu99;
				GCC_DYNAMIC_NO_PIC = NO;
				GCC_NO_COMMON_BLOCKS = YES;
				GCC_OPTIMIZATION_LEVEL = 0;
				GCC_PREPROCESSOR_DEFINITIONS = (
					"DEBUG=1",
					"$(inherited)",
				);
				GCC_WARN_64_TO_32_BIT_CONVERSION = YES;
				GCC_WARN_ABOUT_RETURN_TYPE = YES_ERROR;
				GCC_WARN_UNDECLARED_SELECTOR = YES;
				GCC_WARN_UNINITIALIZED_AUTOS = YES_AGGRESSIVE;
				GCC_WARN_UNUSED_FUNCTION = YES;
				GCC_WARN_UNUSED_VARIABLE = YES;
				IPHONEOS_DEPLOYMENT_TARGET = 9.1;
				MTL_ENABLE_DEBUG_INFO = YES;
				ONLY_ACTIVE_ARCH = YES;
				SDKROOT = iphoneos;
			};
			name = Debug;
		};
		9F1202201BF03F4A002C508C /* Release */ = {
			isa = XCBuildConfiguration;
			buildSettings = {
				ALWAYS_SEARCH_USER_PATHS = NO;
				CLANG_CXX_LANGUAGE_STANDARD = "gnu++0x";
				CLANG_CXX_LIBRARY = "libc++";
				CLANG_ENABLE_MODULES = YES;
				CLANG_ENABLE_OBJC_ARC = YES;
				CLANG_WARN_BOOL_CONVERSION = YES;
				CLANG_WARN_CONSTANT_CONVERSION = YES;
				CLANG_WARN_DIRECT_OBJC_ISA_USAGE = YES_ERROR;
				CLANG_WARN_EMPTY_BODY = YES;
				CLANG_WARN_ENUM_CONVERSION = YES;
				CLANG_WARN_INT_CONVERSION = YES;
				CLANG_WARN_OBJC_ROOT_CLASS = YES_ERROR;
				CLANG_WARN_UNREACHABLE_CODE = YES;
				CLANG_WARN__DUPLICATE_METHOD_MATCH = YES;
				"CODE_SIGN_IDENTITY[sdk=iphoneos*]" = "iPhone Developer";
				COPY_PHASE_STRIP = NO;
				DEBUG_INFORMATION_FORMAT = "dwarf-with-dsym";
				ENABLE_NS_ASSERTIONS = NO;
				ENABLE_STRICT_OBJC_MSGSEND = YES;
				GCC_C_LANGUAGE_STANDARD = gnu99;
				GCC_NO_COMMON_BLOCKS = YES;
				GCC_WARN_64_TO_32_BIT_CONVERSION = YES;
				GCC_WARN_ABOUT_RETURN_TYPE = YES_ERROR;
				GCC_WARN_UNDECLARED_SELECTOR = YES;
				GCC_WARN_UNINITIALIZED_AUTOS = YES_AGGRESSIVE;
				GCC_WARN_UNUSED_FUNCTION = YES;
				GCC_WARN_UNUSED_VARIABLE = YES;
				IPHONEOS_DEPLOYMENT_TARGET = 9.1;
				MTL_ENABLE_DEBUG_INFO = NO;
				SDKROOT = iphoneos;
				VALIDATE_PRODUCT = YES;
			};
			name = Release;
		};
		9F1202221BF03F4A002C508C /* Debug */ = {
			isa = XCBuildConfiguration;
			baseConfigurationReference = E8BDDCEF1FBFB948E7B508F5 /* Pods.debug.xcconfig */;
			buildSettings = {
				ASSETCATALOG_COMPILER_APPICON_NAME = AppIcon;
				CODE_SIGN_IDENTITY = "iPhone Developer";
				COMPRESS_PNG_FILES = NO;
				GCC_PREFIX_HEADER = CareDPrefixHeader.pch;
				INFOPLIST_FILE = CareD/Info.plist;
				LD_RUNPATH_SEARCH_PATHS = "$(inherited) @executable_path/Frameworks";
				PRODUCT_BUNDLE_IDENTIFIER = com.TecErica.CareD;
				PRODUCT_NAME = "$(TARGET_NAME)";
			};
			name = Debug;
		};
		9F1202231BF03F4A002C508C /* Release */ = {
			isa = XCBuildConfiguration;
			baseConfigurationReference = 6A1FC9043D8FC67A0E655F80 /* Pods.release.xcconfig */;
			buildSettings = {
				ASSETCATALOG_COMPILER_APPICON_NAME = AppIcon;
				CODE_SIGN_IDENTITY = "iPhone Developer";
				COMPRESS_PNG_FILES = NO;
				GCC_PREFIX_HEADER = CareDPrefixHeader.pch;
				INFOPLIST_FILE = CareD/Info.plist;
				LD_RUNPATH_SEARCH_PATHS = "$(inherited) @executable_path/Frameworks";
				PRODUCT_BUNDLE_IDENTIFIER = com.TecErica.CareD;
				PRODUCT_NAME = "$(TARGET_NAME)";
			};
			name = Release;
		};
/* End XCBuildConfiguration section */

/* Begin XCConfigurationList section */
		9F1202021BF03F4A002C508C /* Build configuration list for PBXProject "CareD" */ = {
			isa = XCConfigurationList;
			buildConfigurations = (
				9F12021F1BF03F4A002C508C /* Debug */,
				9F1202201BF03F4A002C508C /* Release */,
			);
			defaultConfigurationIsVisible = 0;
			defaultConfigurationName = Release;
		};
		9F1202211BF03F4A002C508C /* Build configuration list for PBXNativeTarget "CareD" */ = {
			isa = XCConfigurationList;
			buildConfigurations = (
				9F1202221BF03F4A002C508C /* Debug */,
				9F1202231BF03F4A002C508C /* Release */,
			);
			defaultConfigurationIsVisible = 0;
			defaultConfigurationName = Release;
		};
/* End XCConfigurationList section */

/* Begin XCVersionGroup section */
		9F1202161BF03F4A002C508C /* CareD.xcdatamodeld */ = {
			isa = XCVersionGroup;
			children = (
				9F1202171BF03F4A002C508C /* CareD.xcdatamodel */,
			);
			currentVersion = 9F1202171BF03F4A002C508C /* CareD.xcdatamodel */;
			path = CareD.xcdatamodeld;
			sourceTree = "<group>";
			versionGroupType = wrapper.xcdatamodel;
		};
/* End XCVersionGroup section */
	};
	rootObject = 9F1201FF1BF03F4A002C508C /* Project object */;
}
