// !$*UTF8*$!
{
	archiveVersion = 1;
	classes = {
	};
	objectVersion = 46;
	objects = {

/* Begin PBXBuildFile section */
		7A6921C852331609747245B5 /* libPods.a in Frameworks */ = {isa = PBXBuildFile; fileRef = 823755C7B1E653634711E5ED /* libPods.a */; };
		9F12020C1BF03F4A002C508C /* main.m in Sources */ = {isa = PBXBuildFile; fileRef = 9F12020B1BF03F4A002C508C /* main.m */; };
		9F1202151BF03F4A002C508C /* Main.storyboard in Resources */ = {isa = PBXBuildFile; fileRef = 9F1202131BF03F4A002C508C /* Main.storyboard */; };
		9F1202181BF03F4A002C508C /* CareD.xcdatamodeld in Sources */ = {isa = PBXBuildFile; fileRef = 9F1202161BF03F4A002C508C /* CareD.xcdatamodeld */; };
		9F12021A1BF03F4A002C508C /* Assets.xcassets in Resources */ = {isa = PBXBuildFile; fileRef = 9F1202191BF03F4A002C508C /* Assets.xcassets */; };
		9F12021D1BF03F4A002C508C /* LaunchScreen.storyboard in Resources */ = {isa = PBXBuildFile; fileRef = 9F12021B1BF03F4A002C508C /* LaunchScreen.storyboard */; };
		9F12026C1BF04FCB002C508C /* AppDelegate.m in Sources */ = {isa = PBXBuildFile; fileRef = 9F1202461BF04FCB002C508C /* AppDelegate.m */; };
		9F12026D1BF04FCB002C508C /* 请删除.rtf in Resources */ = {isa = PBXBuildFile; fileRef = 9F1202491BF04FCB002C508C /* 请删除.rtf */; };
		9F12026E1BF04FCB002C508C /* 请删除.rtf in Resources */ = {isa = PBXBuildFile; fileRef = 9F12024F1BF04FCB002C508C /* 请删除.rtf */; };
		9F12026F1BF04FCB002C508C /* 请删除.rtf in Resources */ = {isa = PBXBuildFile; fileRef = 9F1202511BF04FCB002C508C /* 请删除.rtf */; };
		9F1202701BF04FCB002C508C /* 请删除.rtf in Resources */ = {isa = PBXBuildFile; fileRef = 9F1202531BF04FCB002C508C /* 请删除.rtf */; };
		9F1202711BF04FCB002C508C /* 请删除.rtf in Resources */ = {isa = PBXBuildFile; fileRef = 9F1202551BF04FCB002C508C /* 请删除.rtf */; };
		9F1202721BF04FCB002C508C /* 请删除.rtf in Resources */ = {isa = PBXBuildFile; fileRef = 9F1202571BF04FCB002C508C /* 请删除.rtf */; };
		9F1202741BF04FCB002C508C /* 请删除.rtf in Resources */ = {isa = PBXBuildFile; fileRef = 9F12025D1BF04FCB002C508C /* 请删除.rtf */; };
		9F1202751BF04FCB002C508C /* 请删除.rtf in Resources */ = {isa = PBXBuildFile; fileRef = 9F12025F1BF04FCB002C508C /* 请删除.rtf */; };
		9F1202761BF04FCB002C508C /* 请删除.rtf in Resources */ = {isa = PBXBuildFile; fileRef = 9F1202621BF04FCB002C508C /* 请删除.rtf */; };
		9F1202771BF04FCB002C508C /* 请删除.rtf in Resources */ = {isa = PBXBuildFile; fileRef = 9F1202641BF04FCB002C508C /* 请删除.rtf */; };
		9F1202781BF04FCB002C508C /* 请删除.rtf in Resources */ = {isa = PBXBuildFile; fileRef = 9F1202671BF04FCB002C508C /* 请删除.rtf */; };
		9F1202791BF04FCB002C508C /* 请删除.rtf in Resources */ = {isa = PBXBuildFile; fileRef = 9F1202691BF04FCB002C508C /* 请删除.rtf */; };
		9F1202841BF06360002C508C /* LoginViewController.m in Sources */ = {isa = PBXBuildFile; fileRef = 9F1202831BF06360002C508C /* LoginViewController.m */; };
		9F1202871BF0636D002C508C /* LoginView.m in Sources */ = {isa = PBXBuildFile; fileRef = 9F1202861BF0636D002C508C /* LoginView.m */; };
		9F1202951BF06B7A002C508C /* loginImage@2x.png in Resources */ = {isa = PBXBuildFile; fileRef = 9F12028A1BF06B7A002C508C /* loginImage@2x.png */; };
		9F1202A01BF06D1D002C508C /* UIShakeView.m in Sources */ = {isa = PBXBuildFile; fileRef = 9F12029F1BF06D1D002C508C /* UIShakeView.m */; };
		9F29FF4C1BF463D000232E8E /* YCUserFriendsManager.m in Sources */ = {isa = PBXBuildFile; fileRef = 9F29FF461BF463D000232E8E /* YCUserFriendsManager.m */; };
		9F29FF4D1BF463D000232E8E /* YCUserImageManager.m in Sources */ = {isa = PBXBuildFile; fileRef = 9F29FF481BF463D000232E8E /* YCUserImageManager.m */; };
		9F29FF4E1BF463D000232E8E /* YCUserManager.m in Sources */ = {isa = PBXBuildFile; fileRef = 9F29FF4A1BF463D000232E8E /* YCUserManager.m */; };
		9F29FF561BF46DA800232E8E /* DeformationButton.m in Sources */ = {isa = PBXBuildFile; fileRef = 9F29FF521BF46DA800232E8E /* DeformationButton.m */; };
		9F29FF571BF46DA800232E8E /* MMMaterialDesignSpinner.m in Sources */ = {isa = PBXBuildFile; fileRef = 9F29FF551BF46DA800232E8E /* MMMaterialDesignSpinner.m */; };
		9F29FF5B1BF4823900232E8E /* RegisterViewController.m in Sources */ = {isa = PBXBuildFile; fileRef = 9F29FF591BF4823900232E8E /* RegisterViewController.m */; };
		9F29FF5C1BF4823900232E8E /* RegisterViewController.xib in Resources */ = {isa = PBXBuildFile; fileRef = 9F29FF5A1BF4823900232E8E /* RegisterViewController.xib */; };
		9F29FF671BF4C29C00232E8E /* RegisterSettingsViewController.m in Sources */ = {isa = PBXBuildFile; fileRef = 9F29FF651BF4C29C00232E8E /* RegisterSettingsViewController.m */; };
		9F29FF681BF4C29C00232E8E /* RegisterSettingsViewController.xib in Resources */ = {isa = PBXBuildFile; fileRef = 9F29FF661BF4C29C00232E8E /* RegisterSettingsViewController.xib */; };
		9F2D91191BF0976B00BB0330 /* RegisterImage@2x.png in Resources */ = {isa = PBXBuildFile; fileRef = 9F2D91181BF0976B00BB0330 /* RegisterImage@2x.png */; };
		9F459EF71BF570FC001D9B7F /* addImage@2x.png in Resources */ = {isa = PBXBuildFile; fileRef = 9F459EF61BF570FC001D9B7F /* addImage@2x.png */; };
		9F459EFA1BF58773001D9B7F /* imagePickerChooseView.m in Sources */ = {isa = PBXBuildFile; fileRef = 9F459EF91BF58773001D9B7F /* imagePickerChooseView.m */; };
		9F459EFD1BF58BFA001D9B7F /* camera@2x.png in Resources */ = {isa = PBXBuildFile; fileRef = 9F459EFB1BF58BFA001D9B7F /* camera@2x.png */; };
		9F459EFE1BF58BFA001D9B7F /* photoBook@2x.png in Resources */ = {isa = PBXBuildFile; fileRef = 9F459EFC1BF58BFA001D9B7F /* photoBook@2x.png */; };
		9F459F331BF606D5001D9B7F /* FriendListViewController.m in Sources */ = {isa = PBXBuildFile; fileRef = 9F459F321BF606D5001D9B7F /* FriendListViewController.m */; };
		9F459F361BF606DF001D9B7F /* FriendListView.m in Sources */ = {isa = PBXBuildFile; fileRef = 9F459F351BF606DF001D9B7F /* FriendListView.m */; };
		9F459F391BF6106B001D9B7F /* YCUserFriendRequestManager.m in Sources */ = {isa = PBXBuildFile; fileRef = 9F459F381BF6106B001D9B7F /* YCUserFriendRequestManager.m */; };
		9F8C07A21BF6CE490018ACC7 /* Logo.png in Resources */ = {isa = PBXBuildFile; fileRef = 9F8C079F1BF6CE490018ACC7 /* Logo.png */; };
		9F8C07A31BF6CE490018ACC7 /* Logo@2x.png in Resources */ = {isa = PBXBuildFile; fileRef = 9F8C07A01BF6CE490018ACC7 /* Logo@2x.png */; };
		9F8C07A41BF6CE490018ACC7 /* Logo@3x.png in Resources */ = {isa = PBXBuildFile; fileRef = 9F8C07A11BF6CE490018ACC7 /* Logo@3x.png */; };
		9F8C07A71BF6D6080018ACC7 /* UserImageView.m in Sources */ = {isa = PBXBuildFile; fileRef = 9F8C07A61BF6D6080018ACC7 /* UserImageView.m */; };
		9F8C07B21BF6E3340018ACC7 /* tableList.png in Resources */ = {isa = PBXBuildFile; fileRef = 9F8C07AC1BF6E3340018ACC7 /* tableList.png */; };
		9F8C07B31BF6E3340018ACC7 /* tableList@2x.png in Resources */ = {isa = PBXBuildFile; fileRef = 9F8C07AD1BF6E3340018ACC7 /* tableList@2x.png */; };
		9F8C07B41BF6E3340018ACC7 /* tableList@3x.png in Resources */ = {isa = PBXBuildFile; fileRef = 9F8C07AE1BF6E3340018ACC7 /* tableList@3x.png */; };
		9F8C07B81BF6E5760018ACC7 /* funcButton.png in Resources */ = {isa = PBXBuildFile; fileRef = 9F8C07B51BF6E5760018ACC7 /* funcButton.png */; };
		9F8C07B91BF6E5760018ACC7 /* funcButton@2x.png in Resources */ = {isa = PBXBuildFile; fileRef = 9F8C07B61BF6E5760018ACC7 /* funcButton@2x.png */; };
		9F8C07BA1BF6E5760018ACC7 /* funcButton@3x.png in Resources */ = {isa = PBXBuildFile; fileRef = 9F8C07B71BF6E5760018ACC7 /* funcButton@3x.png */; };
		9F8C07BD1BF6E6400018ACC7 /* YCFriendListView.m in Sources */ = {isa = PBXBuildFile; fileRef = 9F8C07BC1BF6E6400018ACC7 /* YCFriendListView.m */; };
		9F8C07C51BF70FED0018ACC7 /* CircleListCell.m in Sources */ = {isa = PBXBuildFile; fileRef = 9F8C07C31BF70FED0018ACC7 /* CircleListCell.m */; };
		9F8C07C61BF70FED0018ACC7 /* CircleListCell.xib in Resources */ = {isa = PBXBuildFile; fileRef = 9F8C07C41BF70FED0018ACC7 /* CircleListCell.xib */; };
		9F8C07C91BF712A10018ACC7 /* RGCardViewLayout.m in Sources */ = {isa = PBXBuildFile; fileRef = 9F8C07C81BF712A10018ACC7 /* RGCardViewLayout.m */; };
		9F8C07D31BF715600018ACC7 /* circleList.png in Resources */ = {isa = PBXBuildFile; fileRef = 9F8C07D01BF715600018ACC7 /* circleList.png */; };
		9F8C07D41BF715600018ACC7 /* circleList@2x.png in Resources */ = {isa = PBXBuildFile; fileRef = 9F8C07D11BF715600018ACC7 /* circleList@2x.png */; };
		9F8C07D51BF715600018ACC7 /* circleList@3x.png in Resources */ = {isa = PBXBuildFile; fileRef = 9F8C07D21BF715600018ACC7 /* circleList@3x.png */; };
		9F8C07D71BF71DA90018ACC7 /* 1.png in Resources */ = {isa = PBXBuildFile; fileRef = 9F8C07D61BF71DA90018ACC7 /* 1.png */; };
		9F8C07FA1BF71E800018ACC7 /* MKAnnotationView+WebCache.m in Sources */ = {isa = PBXBuildFile; fileRef = 9F8C07DA1BF71E800018ACC7 /* MKAnnotationView+WebCache.m */; };
		9F8C07FB1BF71E800018ACC7 /* NSData+ImageContentType.m in Sources */ = {isa = PBXBuildFile; fileRef = 9F8C07DC1BF71E800018ACC7 /* NSData+ImageContentType.m */; };
		9F8C07FC1BF71E800018ACC7 /* SDImageCache.m in Sources */ = {isa = PBXBuildFile; fileRef = 9F8C07DE1BF71E800018ACC7 /* SDImageCache.m */; };
		9F8C07FD1BF71E800018ACC7 /* SDWebImageCompat.m in Sources */ = {isa = PBXBuildFile; fileRef = 9F8C07E01BF71E800018ACC7 /* SDWebImageCompat.m */; };
		9F8C07FE1BF71E800018ACC7 /* SDWebImageDecoder.m in Sources */ = {isa = PBXBuildFile; fileRef = 9F8C07E21BF71E800018ACC7 /* SDWebImageDecoder.m */; };
		9F8C07FF1BF71E800018ACC7 /* SDWebImageDownloader.m in Sources */ = {isa = PBXBuildFile; fileRef = 9F8C07E41BF71E800018ACC7 /* SDWebImageDownloader.m */; };
		9F8C08001BF71E800018ACC7 /* SDWebImageDownloaderOperation.m in Sources */ = {isa = PBXBuildFile; fileRef = 9F8C07E61BF71E800018ACC7 /* SDWebImageDownloaderOperation.m */; };
		9F8C08011BF71E800018ACC7 /* SDWebImageManager.m in Sources */ = {isa = PBXBuildFile; fileRef = 9F8C07E81BF71E800018ACC7 /* SDWebImageManager.m */; };
		9F8C08021BF71E800018ACC7 /* SDWebImagePrefetcher.m in Sources */ = {isa = PBXBuildFile; fileRef = 9F8C07EB1BF71E800018ACC7 /* SDWebImagePrefetcher.m */; };
		9F8C08031BF71E800018ACC7 /* UIButton+WebCache.m in Sources */ = {isa = PBXBuildFile; fileRef = 9F8C07ED1BF71E800018ACC7 /* UIButton+WebCache.m */; };
		9F8C08041BF71E800018ACC7 /* UIImage+GIF.m in Sources */ = {isa = PBXBuildFile; fileRef = 9F8C07EF1BF71E800018ACC7 /* UIImage+GIF.m */; };
		9F8C08051BF71E800018ACC7 /* UIImage+MultiFormat.m in Sources */ = {isa = PBXBuildFile; fileRef = 9F8C07F11BF71E800018ACC7 /* UIImage+MultiFormat.m */; };
		9F8C08061BF71E800018ACC7 /* UIImage+WebP.m in Sources */ = {isa = PBXBuildFile; fileRef = 9F8C07F31BF71E800018ACC7 /* UIImage+WebP.m */; };
		9F8C08071BF71E800018ACC7 /* UIImageView+HighlightedWebCache.m in Sources */ = {isa = PBXBuildFile; fileRef = 9F8C07F51BF71E800018ACC7 /* UIImageView+HighlightedWebCache.m */; };
		9F8C08081BF71E800018ACC7 /* UIImageView+WebCache.m in Sources */ = {isa = PBXBuildFile; fileRef = 9F8C07F71BF71E800018ACC7 /* UIImageView+WebCache.m */; };
		9F8C08091BF71E800018ACC7 /* UIView+WebCacheOperation.m in Sources */ = {isa = PBXBuildFile; fileRef = 9F8C07F91BF71E800018ACC7 /* UIView+WebCacheOperation.m */; };
		9F8C080D1BF720DC0018ACC7 /* paper.jpg in Resources */ = {isa = PBXBuildFile; fileRef = 9F8C080C1BF720DC0018ACC7 /* paper.jpg */; };
		9F8C08111BF72D120018ACC7 /* tableListCell.m in Sources */ = {isa = PBXBuildFile; fileRef = 9F8C080F1BF72D120018ACC7 /* tableListCell.m */; };
		9F8C08121BF72D120018ACC7 /* tableListCell.xib in Resources */ = {isa = PBXBuildFile; fileRef = 9F8C08101BF72D120018ACC7 /* tableListCell.xib */; };
		9F8C08151BF731990018ACC7 /* YCFuncListView.m in Sources */ = {isa = PBXBuildFile; fileRef = 9F8C08141BF731990018ACC7 /* YCFuncListView.m */; };
		9F8C08191BF738E60018ACC7 /* searchFriends.png in Resources */ = {isa = PBXBuildFile; fileRef = 9F8C08161BF738E60018ACC7 /* searchFriends.png */; };
		9F8C081A1BF738E60018ACC7 /* searchFriends@2x.png in Resources */ = {isa = PBXBuildFile; fileRef = 9F8C08171BF738E60018ACC7 /* searchFriends@2x.png */; };
		9F8C081B1BF738E60018ACC7 /* searchFriends@3x.png in Resources */ = {isa = PBXBuildFile; fileRef = 9F8C08181BF738E60018ACC7 /* searchFriends@3x.png */; };
		9F8C081F1BF73C570018ACC7 /* scan.png in Resources */ = {isa = PBXBuildFile; fileRef = 9F8C081C1BF73C570018ACC7 /* scan.png */; };
		9F8C08201BF73C570018ACC7 /* scan@2x.png in Resources */ = {isa = PBXBuildFile; fileRef = 9F8C081D1BF73C570018ACC7 /* scan@2x.png */; };
		9F8C08211BF73C570018ACC7 /* scan@3x.png in Resources */ = {isa = PBXBuildFile; fileRef = 9F8C081E1BF73C570018ACC7 /* scan@3x.png */; };
		9FC1BAD61BF177CC00FD46D0 /* Icon-100.png in Resources */ = {isa = PBXBuildFile; fileRef = 9FC1BABC1BF177CC00FD46D0 /* Icon-100.png */; };
		9FC1BAD71BF177CC00FD46D0 /* Icon-108.png in Resources */ = {isa = PBXBuildFile; fileRef = 9FC1BABD1BF177CC00FD46D0 /* Icon-108.png */; };
		9FC1BAD81BF177CC00FD46D0 /* Icon-114.png in Resources */ = {isa = PBXBuildFile; fileRef = 9FC1BABE1BF177CC00FD46D0 /* Icon-114.png */; };
		9FC1BAD91BF177CC00FD46D0 /* Icon-120.png in Resources */ = {isa = PBXBuildFile; fileRef = 9FC1BABF1BF177CC00FD46D0 /* Icon-120.png */; };
		9FC1BADA1BF177CC00FD46D0 /* Icon-128.png in Resources */ = {isa = PBXBuildFile; fileRef = 9FC1BAC01BF177CC00FD46D0 /* Icon-128.png */; };
		9FC1BADB1BF177CC00FD46D0 /* Icon-144.png in Resources */ = {isa = PBXBuildFile; fileRef = 9FC1BAC11BF177CC00FD46D0 /* Icon-144.png */; };
		9FC1BADC1BF177CC00FD46D0 /* Icon-152.png in Resources */ = {isa = PBXBuildFile; fileRef = 9FC1BAC21BF177CC00FD46D0 /* Icon-152.png */; };
		9FC1BADD1BF177CC00FD46D0 /* Icon-155.png in Resources */ = {isa = PBXBuildFile; fileRef = 9FC1BAC31BF177CC00FD46D0 /* Icon-155.png */; };
		9FC1BADE1BF177CC00FD46D0 /* Icon-16.png in Resources */ = {isa = PBXBuildFile; fileRef = 9FC1BAC41BF177CC00FD46D0 /* Icon-16.png */; };
		9FC1BADF1BF177CC00FD46D0 /* Icon-180.png in Resources */ = {isa = PBXBuildFile; fileRef = 9FC1BAC51BF177CC00FD46D0 /* Icon-180.png */; };
		9FC1BAE01BF177CC00FD46D0 /* Icon-256.png in Resources */ = {isa = PBXBuildFile; fileRef = 9FC1BAC61BF177CC00FD46D0 /* Icon-256.png */; };
		9FC1BAE11BF177CC00FD46D0 /* Icon-28.png in Resources */ = {isa = PBXBuildFile; fileRef = 9FC1BAC71BF177CC00FD46D0 /* Icon-28.png */; };
		9FC1BAE21BF177CC00FD46D0 /* Icon-29.png in Resources */ = {isa = PBXBuildFile; fileRef = 9FC1BAC81BF177CC00FD46D0 /* Icon-29.png */; };
		9FC1BAE31BF177CC00FD46D0 /* Icon-40.png in Resources */ = {isa = PBXBuildFile; fileRef = 9FC1BAC91BF177CC00FD46D0 /* Icon-40.png */; };
		9FC1BAE41BF177CC00FD46D0 /* Icon-50.png in Resources */ = {isa = PBXBuildFile; fileRef = 9FC1BACA1BF177CC00FD46D0 /* Icon-50.png */; };
		9FC1BAE51BF177CC00FD46D0 /* Icon-512.png in Resources */ = {isa = PBXBuildFile; fileRef = 9FC1BACB1BF177CC00FD46D0 /* Icon-512.png */; };
		9FC1BAE61BF177CC00FD46D0 /* Icon-57.png in Resources */ = {isa = PBXBuildFile; fileRef = 9FC1BACC1BF177CC00FD46D0 /* Icon-57.png */; };
		9FC1BAE71BF177CC00FD46D0 /* Icon-58.png in Resources */ = {isa = PBXBuildFile; fileRef = 9FC1BACD1BF177CC00FD46D0 /* Icon-58.png */; };
		9FC1BAE81BF177CC00FD46D0 /* Icon-60.png in Resources */ = {isa = PBXBuildFile; fileRef = 9FC1BACE1BF177CC00FD46D0 /* Icon-60.png */; };
		9FC1BAE91BF177CC00FD46D0 /* Icon-64.png in Resources */ = {isa = PBXBuildFile; fileRef = 9FC1BACF1BF177CC00FD46D0 /* Icon-64.png */; };
		9FC1BAEA1BF177CC00FD46D0 /* Icon-72.png in Resources */ = {isa = PBXBuildFile; fileRef = 9FC1BAD01BF177CC00FD46D0 /* Icon-72.png */; };
		9FC1BAEB1BF177CC00FD46D0 /* Icon-76.png in Resources */ = {isa = PBXBuildFile; fileRef = 9FC1BAD11BF177CC00FD46D0 /* Icon-76.png */; };
		9FC1BAEC1BF177CC00FD46D0 /* Icon-80.png in Resources */ = {isa = PBXBuildFile; fileRef = 9FC1BAD21BF177CC00FD46D0 /* Icon-80.png */; };
		9FC1BAED1BF177CC00FD46D0 /* Icon-87.png in Resources */ = {isa = PBXBuildFile; fileRef = 9FC1BAD31BF177CC00FD46D0 /* Icon-87.png */; };
		9FC1BAEE1BF177CC00FD46D0 /* Icon-90.png in Resources */ = {isa = PBXBuildFile; fileRef = 9FC1BAD41BF177CC00FD46D0 /* Icon-90.png */; };
		9FC1BAEF1BF177CC00FD46D0 /* icon.png in Resources */ = {isa = PBXBuildFile; fileRef = 9FC1BAD51BF177CC00FD46D0 /* icon.png */; };
/* End PBXBuildFile section */

/* Begin PBXFileReference section */
		6A1FC9043D8FC67A0E655F80 /* Pods.release.xcconfig */ = {isa = PBXFileReference; includeInIndex = 1; lastKnownFileType = text.xcconfig; name = Pods.release.xcconfig; path = "Pods/Target Support Files/Pods/Pods.release.xcconfig"; sourceTree = "<group>"; };
		823755C7B1E653634711E5ED /* libPods.a */ = {isa = PBXFileReference; explicitFileType = archive.ar; includeInIndex = 0; path = libPods.a; sourceTree = BUILT_PRODUCTS_DIR; };
		9F1202071BF03F4A002C508C /* CareD.app */ = {isa = PBXFileReference; explicitFileType = wrapper.application; includeInIndex = 0; path = CareD.app; sourceTree = BUILT_PRODUCTS_DIR; };
		9F12020B1BF03F4A002C508C /* main.m */ = {isa = PBXFileReference; lastKnownFileType = sourcecode.c.objc; path = main.m; sourceTree = "<group>"; };
		9F1202141BF03F4A002C508C /* Base */ = {isa = PBXFileReference; lastKnownFileType = file.storyboard; name = Base; path = Base.lproj/Main.storyboard; sourceTree = "<group>"; };
		9F1202171BF03F4A002C508C /* CareD.xcdatamodel */ = {isa = PBXFileReference; lastKnownFileType = wrapper.xcdatamodel; path = CareD.xcdatamodel; sourceTree = "<group>"; };
		9F1202191BF03F4A002C508C /* Assets.xcassets */ = {isa = PBXFileReference; lastKnownFileType = folder.assetcatalog; path = Assets.xcassets; sourceTree = "<group>"; };
		9F12021C1BF03F4A002C508C /* Base */ = {isa = PBXFileReference; lastKnownFileType = file.storyboard; name = Base; path = Base.lproj/LaunchScreen.storyboard; sourceTree = "<group>"; };
		9F12021E1BF03F4A002C508C /* Info.plist */ = {isa = PBXFileReference; lastKnownFileType = text.plist.xml; path = Info.plist; sourceTree = "<group>"; };
		9F1202351BF03FA4002C508C /* CareDPrefixHeader.pch */ = {isa = PBXFileReference; lastKnownFileType = sourcecode.c.h; path = CareDPrefixHeader.pch; sourceTree = "<group>"; };
		9F1202451BF04FCB002C508C /* AppDelegate.h */ = {isa = PBXFileReference; fileEncoding = 4; lastKnownFileType = sourcecode.c.h; path = AppDelegate.h; sourceTree = "<group>"; };
		9F1202461BF04FCB002C508C /* AppDelegate.m */ = {isa = PBXFileReference; fileEncoding = 4; lastKnownFileType = sourcecode.c.objc; path = AppDelegate.m; sourceTree = "<group>"; };
		9F1202491BF04FCB002C508C /* 请删除.rtf */ = {isa = PBXFileReference; fileEncoding = 4; lastKnownFileType = text.rtf; path = "请删除.rtf"; sourceTree = "<group>"; };
		9F12024B1BF04FCB002C508C /* GreenDefines.h */ = {isa = PBXFileReference; fileEncoding = 4; lastKnownFileType = sourcecode.c.h; path = GreenDefines.h; sourceTree = "<group>"; };
		9F12024C1BF04FCB002C508C /* HYDefines.h */ = {isa = PBXFileReference; fileEncoding = 4; lastKnownFileType = sourcecode.c.h; path = HYDefines.h; sourceTree = "<group>"; };
		9F12024D1BF04FCB002C508C /* LakeDefines.h */ = {isa = PBXFileReference; fileEncoding = 4; lastKnownFileType = sourcecode.c.h; path = LakeDefines.h; sourceTree = "<group>"; };
		9F12024F1BF04FCB002C508C /* 请删除.rtf */ = {isa = PBXFileReference; fileEncoding = 4; lastKnownFileType = text.rtf; path = "请删除.rtf"; sourceTree = "<group>"; };
		9F1202511BF04FCB002C508C /* 请删除.rtf */ = {isa = PBXFileReference; fileEncoding = 4; lastKnownFileType = text.rtf; path = "请删除.rtf"; sourceTree = "<group>"; };
		9F1202531BF04FCB002C508C /* 请删除.rtf */ = {isa = PBXFileReference; fileEncoding = 4; lastKnownFileType = text.rtf; path = "请删除.rtf"; sourceTree = "<group>"; };
		9F1202551BF04FCB002C508C /* 请删除.rtf */ = {isa = PBXFileReference; fileEncoding = 4; lastKnownFileType = text.rtf; path = "请删除.rtf"; sourceTree = "<group>"; };
		9F1202571BF04FCB002C508C /* 请删除.rtf */ = {isa = PBXFileReference; fileEncoding = 4; lastKnownFileType = text.rtf; path = "请删除.rtf"; sourceTree = "<group>"; };
		9F12025D1BF04FCB002C508C /* 请删除.rtf */ = {isa = PBXFileReference; fileEncoding = 4; lastKnownFileType = text.rtf; path = "请删除.rtf"; sourceTree = "<group>"; };
		9F12025F1BF04FCB002C508C /* 请删除.rtf */ = {isa = PBXFileReference; fileEncoding = 4; lastKnownFileType = text.rtf; path = "请删除.rtf"; sourceTree = "<group>"; };
		9F1202621BF04FCB002C508C /* 请删除.rtf */ = {isa = PBXFileReference; fileEncoding = 4; lastKnownFileType = text.rtf; path = "请删除.rtf"; sourceTree = "<group>"; };
		9F1202641BF04FCB002C508C /* 请删除.rtf */ = {isa = PBXFileReference; fileEncoding = 4; lastKnownFileType = text.rtf; path = "请删除.rtf"; sourceTree = "<group>"; };
		9F1202671BF04FCB002C508C /* 请删除.rtf */ = {isa = PBXFileReference; fileEncoding = 4; lastKnownFileType = text.rtf; path = "请删除.rtf"; sourceTree = "<group>"; };
		9F1202691BF04FCB002C508C /* 请删除.rtf */ = {isa = PBXFileReference; fileEncoding = 4; lastKnownFileType = text.rtf; path = "请删除.rtf"; sourceTree = "<group>"; };
		9F1202821BF06360002C508C /* LoginViewController.h */ = {isa = PBXFileReference; fileEncoding = 4; lastKnownFileType = sourcecode.c.h; path = LoginViewController.h; sourceTree = "<group>"; };
		9F1202831BF06360002C508C /* LoginViewController.m */ = {isa = PBXFileReference; fileEncoding = 4; lastKnownFileType = sourcecode.c.objc; path = LoginViewController.m; sourceTree = "<group>"; };
		9F1202851BF0636D002C508C /* LoginView.h */ = {isa = PBXFileReference; fileEncoding = 4; lastKnownFileType = sourcecode.c.h; path = LoginView.h; sourceTree = "<group>"; };
		9F1202861BF0636D002C508C /* LoginView.m */ = {isa = PBXFileReference; fileEncoding = 4; lastKnownFileType = sourcecode.c.objc; path = LoginView.m; sourceTree = "<group>"; };
		9F12028A1BF06B7A002C508C /* loginImage@2x.png */ = {isa = PBXFileReference; lastKnownFileType = image.png; path = "loginImage@2x.png"; sourceTree = "<group>"; };
		9F12029E1BF06D1D002C508C /* UIShakeView.h */ = {isa = PBXFileReference; fileEncoding = 4; lastKnownFileType = sourcecode.c.h; path = UIShakeView.h; sourceTree = "<group>"; };
		9F12029F1BF06D1D002C508C /* UIShakeView.m */ = {isa = PBXFileReference; fileEncoding = 4; lastKnownFileType = sourcecode.c.objc; path = UIShakeView.m; sourceTree = "<group>"; };
		9F29FF441BF463D000232E8E /* YCUserDefines.h */ = {isa = PBXFileReference; fileEncoding = 4; lastKnownFileType = sourcecode.c.h; path = YCUserDefines.h; sourceTree = "<group>"; };
		9F29FF451BF463D000232E8E /* YCUserFriendsManager.h */ = {isa = PBXFileReference; fileEncoding = 4; lastKnownFileType = sourcecode.c.h; path = YCUserFriendsManager.h; sourceTree = "<group>"; };
		9F29FF461BF463D000232E8E /* YCUserFriendsManager.m */ = {isa = PBXFileReference; fileEncoding = 4; lastKnownFileType = sourcecode.c.objc; path = YCUserFriendsManager.m; sourceTree = "<group>"; };
		9F29FF471BF463D000232E8E /* YCUserImageManager.h */ = {isa = PBXFileReference; fileEncoding = 4; lastKnownFileType = sourcecode.c.h; path = YCUserImageManager.h; sourceTree = "<group>"; };
		9F29FF481BF463D000232E8E /* YCUserImageManager.m */ = {isa = PBXFileReference; fileEncoding = 4; lastKnownFileType = sourcecode.c.objc; path = YCUserImageManager.m; sourceTree = "<group>"; };
		9F29FF491BF463D000232E8E /* YCUserManager.h */ = {isa = PBXFileReference; fileEncoding = 4; lastKnownFileType = sourcecode.c.h; path = YCUserManager.h; sourceTree = "<group>"; };
		9F29FF4A1BF463D000232E8E /* YCUserManager.m */ = {isa = PBXFileReference; fileEncoding = 4; lastKnownFileType = sourcecode.c.objc; path = YCUserManager.m; sourceTree = "<group>"; };
		9F29FF4B1BF463D000232E8E /* YCUsers.h */ = {isa = PBXFileReference; fileEncoding = 4; lastKnownFileType = sourcecode.c.h; path = YCUsers.h; sourceTree = "<group>"; };
		9F29FF511BF46DA800232E8E /* DeformationButton.h */ = {isa = PBXFileReference; fileEncoding = 4; lastKnownFileType = sourcecode.c.h; path = DeformationButton.h; sourceTree = "<group>"; };
		9F29FF521BF46DA800232E8E /* DeformationButton.m */ = {isa = PBXFileReference; fileEncoding = 4; lastKnownFileType = sourcecode.c.objc; path = DeformationButton.m; sourceTree = "<group>"; };
		9F29FF541BF46DA800232E8E /* MMMaterialDesignSpinner.h */ = {isa = PBXFileReference; fileEncoding = 4; lastKnownFileType = sourcecode.c.h; path = MMMaterialDesignSpinner.h; sourceTree = "<group>"; };
		9F29FF551BF46DA800232E8E /* MMMaterialDesignSpinner.m */ = {isa = PBXFileReference; fileEncoding = 4; lastKnownFileType = sourcecode.c.objc; path = MMMaterialDesignSpinner.m; sourceTree = "<group>"; };
		9F29FF581BF4823900232E8E /* RegisterViewController.h */ = {isa = PBXFileReference; fileEncoding = 4; lastKnownFileType = sourcecode.c.h; path = RegisterViewController.h; sourceTree = "<group>"; };
		9F29FF591BF4823900232E8E /* RegisterViewController.m */ = {isa = PBXFileReference; fileEncoding = 4; lastKnownFileType = sourcecode.c.objc; path = RegisterViewController.m; sourceTree = "<group>"; };
		9F29FF5A1BF4823900232E8E /* RegisterViewController.xib */ = {isa = PBXFileReference; fileEncoding = 4; lastKnownFileType = file.xib; path = RegisterViewController.xib; sourceTree = "<group>"; };
		9F29FF641BF4C29C00232E8E /* RegisterSettingsViewController.h */ = {isa = PBXFileReference; fileEncoding = 4; lastKnownFileType = sourcecode.c.h; path = RegisterSettingsViewController.h; sourceTree = "<group>"; };
		9F29FF651BF4C29C00232E8E /* RegisterSettingsViewController.m */ = {isa = PBXFileReference; fileEncoding = 4; lastKnownFileType = sourcecode.c.objc; path = RegisterSettingsViewController.m; sourceTree = "<group>"; };
		9F29FF661BF4C29C00232E8E /* RegisterSettingsViewController.xib */ = {isa = PBXFileReference; fileEncoding = 4; lastKnownFileType = file.xib; path = RegisterSettingsViewController.xib; sourceTree = "<group>"; };
		9F2D91181BF0976B00BB0330 /* RegisterImage@2x.png */ = {isa = PBXFileReference; lastKnownFileType = image.png; path = "RegisterImage@2x.png"; sourceTree = "<group>"; };
		9F459EF61BF570FC001D9B7F /* addImage@2x.png */ = {isa = PBXFileReference; lastKnownFileType = image.png; path = "addImage@2x.png"; sourceTree = "<group>"; };
		9F459EF81BF58773001D9B7F /* imagePickerChooseView.h */ = {isa = PBXFileReference; fileEncoding = 4; lastKnownFileType = sourcecode.c.h; path = imagePickerChooseView.h; sourceTree = "<group>"; };
		9F459EF91BF58773001D9B7F /* imagePickerChooseView.m */ = {isa = PBXFileReference; fileEncoding = 4; lastKnownFileType = sourcecode.c.objc; path = imagePickerChooseView.m; sourceTree = "<group>"; };
		9F459EFB1BF58BFA001D9B7F /* camera@2x.png */ = {isa = PBXFileReference; lastKnownFileType = image.png; path = "camera@2x.png"; sourceTree = "<group>"; };
		9F459EFC1BF58BFA001D9B7F /* photoBook@2x.png */ = {isa = PBXFileReference; lastKnownFileType = image.png; path = "photoBook@2x.png"; sourceTree = "<group>"; };
		9F459F311BF606D5001D9B7F /* FriendListViewController.h */ = {isa = PBXFileReference; fileEncoding = 4; lastKnownFileType = sourcecode.c.h; path = FriendListViewController.h; sourceTree = "<group>"; };
		9F459F321BF606D5001D9B7F /* FriendListViewController.m */ = {isa = PBXFileReference; fileEncoding = 4; lastKnownFileType = sourcecode.c.objc; path = FriendListViewController.m; sourceTree = "<group>"; };
		9F459F341BF606DF001D9B7F /* FriendListView.h */ = {isa = PBXFileReference; fileEncoding = 4; lastKnownFileType = sourcecode.c.h; path = FriendListView.h; sourceTree = "<group>"; };
		9F459F351BF606DF001D9B7F /* FriendListView.m */ = {isa = PBXFileReference; fileEncoding = 4; lastKnownFileType = sourcecode.c.objc; path = FriendListView.m; sourceTree = "<group>"; };
		9F459F371BF6106B001D9B7F /* YCUserFriendRequestManager.h */ = {isa = PBXFileReference; fileEncoding = 4; lastKnownFileType = sourcecode.c.h; path = YCUserFriendRequestManager.h; sourceTree = "<group>"; };
		9F459F381BF6106B001D9B7F /* YCUserFriendRequestManager.m */ = {isa = PBXFileReference; fileEncoding = 4; lastKnownFileType = sourcecode.c.objc; path = YCUserFriendRequestManager.m; sourceTree = "<group>"; };
		9F8C079F1BF6CE490018ACC7 /* Logo.png */ = {isa = PBXFileReference; lastKnownFileType = image.png; path = Logo.png; sourceTree = "<group>"; };
		9F8C07A01BF6CE490018ACC7 /* Logo@2x.png */ = {isa = PBXFileReference; lastKnownFileType = image.png; path = "Logo@2x.png"; sourceTree = "<group>"; };
		9F8C07A11BF6CE490018ACC7 /* Logo@3x.png */ = {isa = PBXFileReference; lastKnownFileType = image.png; path = "Logo@3x.png"; sourceTree = "<group>"; };
		9F8C07A51BF6D6080018ACC7 /* UserImageView.h */ = {isa = PBXFileReference; fileEncoding = 4; lastKnownFileType = sourcecode.c.h; path = UserImageView.h; sourceTree = "<group>"; };
		9F8C07A61BF6D6080018ACC7 /* UserImageView.m */ = {isa = PBXFileReference; fileEncoding = 4; lastKnownFileType = sourcecode.c.objc; path = UserImageView.m; sourceTree = "<group>"; };
		9F8C07AC1BF6E3340018ACC7 /* tableList.png */ = {isa = PBXFileReference; lastKnownFileType = image.png; path = tableList.png; sourceTree = "<group>"; };
		9F8C07AD1BF6E3340018ACC7 /* tableList@2x.png */ = {isa = PBXFileReference; lastKnownFileType = image.png; path = "tableList@2x.png"; sourceTree = "<group>"; };
		9F8C07AE1BF6E3340018ACC7 /* tableList@3x.png */ = {isa = PBXFileReference; lastKnownFileType = image.png; path = "tableList@3x.png"; sourceTree = "<group>"; };
		9F8C07B51BF6E5760018ACC7 /* funcButton.png */ = {isa = PBXFileReference; lastKnownFileType = image.png; path = funcButton.png; sourceTree = "<group>"; };
		9F8C07B61BF6E5760018ACC7 /* funcButton@2x.png */ = {isa = PBXFileReference; lastKnownFileType = image.png; path = "funcButton@2x.png"; sourceTree = "<group>"; };
		9F8C07B71BF6E5760018ACC7 /* funcButton@3x.png */ = {isa = PBXFileReference; lastKnownFileType = image.png; path = "funcButton@3x.png"; sourceTree = "<group>"; };
		9F8C07BB1BF6E6400018ACC7 /* YCFriendListView.h */ = {isa = PBXFileReference; fileEncoding = 4; lastKnownFileType = sourcecode.c.h; path = YCFriendListView.h; sourceTree = "<group>"; };
		9F8C07BC1BF6E6400018ACC7 /* YCFriendListView.m */ = {isa = PBXFileReference; fileEncoding = 4; lastKnownFileType = sourcecode.c.objc; path = YCFriendListView.m; sourceTree = "<group>"; };
		9F8C07C21BF70FED0018ACC7 /* CircleListCell.h */ = {isa = PBXFileReference; fileEncoding = 4; lastKnownFileType = sourcecode.c.h; path = CircleListCell.h; sourceTree = "<group>"; };
		9F8C07C31BF70FED0018ACC7 /* CircleListCell.m */ = {isa = PBXFileReference; fileEncoding = 4; lastKnownFileType = sourcecode.c.objc; path = CircleListCell.m; sourceTree = "<group>"; };
		9F8C07C41BF70FED0018ACC7 /* CircleListCell.xib */ = {isa = PBXFileReference; fileEncoding = 4; lastKnownFileType = file.xib; path = CircleListCell.xib; sourceTree = "<group>"; };
		9F8C07C71BF712A10018ACC7 /* RGCardViewLayout.h */ = {isa = PBXFileReference; fileEncoding = 4; lastKnownFileType = sourcecode.c.h; path = RGCardViewLayout.h; sourceTree = "<group>"; };
		9F8C07C81BF712A10018ACC7 /* RGCardViewLayout.m */ = {isa = PBXFileReference; fileEncoding = 4; lastKnownFileType = sourcecode.c.objc; path = RGCardViewLayout.m; sourceTree = "<group>"; };
		9F8C07D01BF715600018ACC7 /* circleList.png */ = {isa = PBXFileReference; lastKnownFileType = image.png; path = circleList.png; sourceTree = "<group>"; };
		9F8C07D11BF715600018ACC7 /* circleList@2x.png */ = {isa = PBXFileReference; lastKnownFileType = image.png; path = "circleList@2x.png"; sourceTree = "<group>"; };
		9F8C07D21BF715600018ACC7 /* circleList@3x.png */ = {isa = PBXFileReference; lastKnownFileType = image.png; path = "circleList@3x.png"; sourceTree = "<group>"; };
		9F8C07D61BF71DA90018ACC7 /* 1.png */ = {isa = PBXFileReference; lastKnownFileType = image.png; path = 1.png; sourceTree = "<group>"; };
		9F8C07D91BF71E800018ACC7 /* MKAnnotationView+WebCache.h */ = {isa = PBXFileReference; fileEncoding = 4; lastKnownFileType = sourcecode.c.h; path = "MKAnnotationView+WebCache.h"; sourceTree = "<group>"; };
		9F8C07DA1BF71E800018ACC7 /* MKAnnotationView+WebCache.m */ = {isa = PBXFileReference; fileEncoding = 4; lastKnownFileType = sourcecode.c.objc; path = "MKAnnotationView+WebCache.m"; sourceTree = "<group>"; };
		9F8C07DB1BF71E800018ACC7 /* NSData+ImageContentType.h */ = {isa = PBXFileReference; fileEncoding = 4; lastKnownFileType = sourcecode.c.h; path = "NSData+ImageContentType.h"; sourceTree = "<group>"; };
		9F8C07DC1BF71E800018ACC7 /* NSData+ImageContentType.m */ = {isa = PBXFileReference; fileEncoding = 4; lastKnownFileType = sourcecode.c.objc; path = "NSData+ImageContentType.m"; sourceTree = "<group>"; };
		9F8C07DD1BF71E800018ACC7 /* SDImageCache.h */ = {isa = PBXFileReference; fileEncoding = 4; lastKnownFileType = sourcecode.c.h; path = SDImageCache.h; sourceTree = "<group>"; };
		9F8C07DE1BF71E800018ACC7 /* SDImageCache.m */ = {isa = PBXFileReference; fileEncoding = 4; lastKnownFileType = sourcecode.c.objc; path = SDImageCache.m; sourceTree = "<group>"; };
		9F8C07DF1BF71E800018ACC7 /* SDWebImageCompat.h */ = {isa = PBXFileReference; fileEncoding = 4; lastKnownFileType = sourcecode.c.h; path = SDWebImageCompat.h; sourceTree = "<group>"; };
		9F8C07E01BF71E800018ACC7 /* SDWebImageCompat.m */ = {isa = PBXFileReference; fileEncoding = 4; lastKnownFileType = sourcecode.c.objc; path = SDWebImageCompat.m; sourceTree = "<group>"; };
		9F8C07E11BF71E800018ACC7 /* SDWebImageDecoder.h */ = {isa = PBXFileReference; fileEncoding = 4; lastKnownFileType = sourcecode.c.h; path = SDWebImageDecoder.h; sourceTree = "<group>"; };
		9F8C07E21BF71E800018ACC7 /* SDWebImageDecoder.m */ = {isa = PBXFileReference; fileEncoding = 4; lastKnownFileType = sourcecode.c.objc; path = SDWebImageDecoder.m; sourceTree = "<group>"; };
		9F8C07E31BF71E800018ACC7 /* SDWebImageDownloader.h */ = {isa = PBXFileReference; fileEncoding = 4; lastKnownFileType = sourcecode.c.h; path = SDWebImageDownloader.h; sourceTree = "<group>"; };
		9F8C07E41BF71E800018ACC7 /* SDWebImageDownloader.m */ = {isa = PBXFileReference; fileEncoding = 4; lastKnownFileType = sourcecode.c.objc; path = SDWebImageDownloader.m; sourceTree = "<group>"; };
		9F8C07E51BF71E800018ACC7 /* SDWebImageDownloaderOperation.h */ = {isa = PBXFileReference; fileEncoding = 4; lastKnownFileType = sourcecode.c.h; path = SDWebImageDownloaderOperation.h; sourceTree = "<group>"; };
		9F8C07E61BF71E800018ACC7 /* SDWebImageDownloaderOperation.m */ = {isa = PBXFileReference; fileEncoding = 4; lastKnownFileType = sourcecode.c.objc; path = SDWebImageDownloaderOperation.m; sourceTree = "<group>"; };
		9F8C07E71BF71E800018ACC7 /* SDWebImageManager.h */ = {isa = PBXFileReference; fileEncoding = 4; lastKnownFileType = sourcecode.c.h; path = SDWebImageManager.h; sourceTree = "<group>"; };
		9F8C07E81BF71E800018ACC7 /* SDWebImageManager.m */ = {isa = PBXFileReference; fileEncoding = 4; lastKnownFileType = sourcecode.c.objc; path = SDWebImageManager.m; sourceTree = "<group>"; };
		9F8C07E91BF71E800018ACC7 /* SDWebImageOperation.h */ = {isa = PBXFileReference; fileEncoding = 4; lastKnownFileType = sourcecode.c.h; path = SDWebImageOperation.h; sourceTree = "<group>"; };
		9F8C07EA1BF71E800018ACC7 /* SDWebImagePrefetcher.h */ = {isa = PBXFileReference; fileEncoding = 4; lastKnownFileType = sourcecode.c.h; path = SDWebImagePrefetcher.h; sourceTree = "<group>"; };
		9F8C07EB1BF71E800018ACC7 /* SDWebImagePrefetcher.m */ = {isa = PBXFileReference; fileEncoding = 4; lastKnownFileType = sourcecode.c.objc; path = SDWebImagePrefetcher.m; sourceTree = "<group>"; };
		9F8C07EC1BF71E800018ACC7 /* UIButton+WebCache.h */ = {isa = PBXFileReference; fileEncoding = 4; lastKnownFileType = sourcecode.c.h; path = "UIButton+WebCache.h"; sourceTree = "<group>"; };
		9F8C07ED1BF71E800018ACC7 /* UIButton+WebCache.m */ = {isa = PBXFileReference; fileEncoding = 4; lastKnownFileType = sourcecode.c.objc; path = "UIButton+WebCache.m"; sourceTree = "<group>"; };
		9F8C07EE1BF71E800018ACC7 /* UIImage+GIF.h */ = {isa = PBXFileReference; fileEncoding = 4; lastKnownFileType = sourcecode.c.h; path = "UIImage+GIF.h"; sourceTree = "<group>"; };
		9F8C07EF1BF71E800018ACC7 /* UIImage+GIF.m */ = {isa = PBXFileReference; fileEncoding = 4; lastKnownFileType = sourcecode.c.objc; path = "UIImage+GIF.m"; sourceTree = "<group>"; };
		9F8C07F01BF71E800018ACC7 /* UIImage+MultiFormat.h */ = {isa = PBXFileReference; fileEncoding = 4; lastKnownFileType = sourcecode.c.h; path = "UIImage+MultiFormat.h"; sourceTree = "<group>"; };
		9F8C07F11BF71E800018ACC7 /* UIImage+MultiFormat.m */ = {isa = PBXFileReference; fileEncoding = 4; lastKnownFileType = sourcecode.c.objc; path = "UIImage+MultiFormat.m"; sourceTree = "<group>"; };
		9F8C07F21BF71E800018ACC7 /* UIImage+WebP.h */ = {isa = PBXFileReference; fileEncoding = 4; lastKnownFileType = sourcecode.c.h; path = "UIImage+WebP.h"; sourceTree = "<group>"; };
		9F8C07F31BF71E800018ACC7 /* UIImage+WebP.m */ = {isa = PBXFileReference; fileEncoding = 4; lastKnownFileType = sourcecode.c.objc; path = "UIImage+WebP.m"; sourceTree = "<group>"; };
		9F8C07F41BF71E800018ACC7 /* UIImageView+HighlightedWebCache.h */ = {isa = PBXFileReference; fileEncoding = 4; lastKnownFileType = sourcecode.c.h; path = "UIImageView+HighlightedWebCache.h"; sourceTree = "<group>"; };
		9F8C07F51BF71E800018ACC7 /* UIImageView+HighlightedWebCache.m */ = {isa = PBXFileReference; fileEncoding = 4; lastKnownFileType = sourcecode.c.objc; path = "UIImageView+HighlightedWebCache.m"; sourceTree = "<group>"; };
		9F8C07F61BF71E800018ACC7 /* UIImageView+WebCache.h */ = {isa = PBXFileReference; fileEncoding = 4; lastKnownFileType = sourcecode.c.h; path = "UIImageView+WebCache.h"; sourceTree = "<group>"; };
		9F8C07F71BF71E800018ACC7 /* UIImageView+WebCache.m */ = {isa = PBXFileReference; fileEncoding = 4; lastKnownFileType = sourcecode.c.objc; path = "UIImageView+WebCache.m"; sourceTree = "<group>"; };
		9F8C07F81BF71E800018ACC7 /* UIView+WebCacheOperation.h */ = {isa = PBXFileReference; fileEncoding = 4; lastKnownFileType = sourcecode.c.h; path = "UIView+WebCacheOperation.h"; sourceTree = "<group>"; };
		9F8C07F91BF71E800018ACC7 /* UIView+WebCacheOperation.m */ = {isa = PBXFileReference; fileEncoding = 4; lastKnownFileType = sourcecode.c.objc; path = "UIView+WebCacheOperation.m"; sourceTree = "<group>"; };
		9F8C080C1BF720DC0018ACC7 /* paper.jpg */ = {isa = PBXFileReference; lastKnownFileType = image.jpeg; path = paper.jpg; sourceTree = "<group>"; };
		9F8C080E1BF72D120018ACC7 /* tableListCell.h */ = {isa = PBXFileReference; fileEncoding = 4; lastKnownFileType = sourcecode.c.h; path = tableListCell.h; sourceTree = "<group>"; };
		9F8C080F1BF72D120018ACC7 /* tableListCell.m */ = {isa = PBXFileReference; fileEncoding = 4; lastKnownFileType = sourcecode.c.objc; path = tableListCell.m; sourceTree = "<group>"; };
		9F8C08101BF72D120018ACC7 /* tableListCell.xib */ = {isa = PBXFileReference; fileEncoding = 4; lastKnownFileType = file.xib; path = tableListCell.xib; sourceTree = "<group>"; };
		9F8C08131BF731990018ACC7 /* YCFuncListView.h */ = {isa = PBXFileReference; fileEncoding = 4; lastKnownFileType = sourcecode.c.h; path = YCFuncListView.h; sourceTree = "<group>"; };
		9F8C08141BF731990018ACC7 /* YCFuncListView.m */ = {isa = PBXFileReference; fileEncoding = 4; lastKnownFileType = sourcecode.c.objc; path = YCFuncListView.m; sourceTree = "<group>"; };
		9F8C08161BF738E60018ACC7 /* searchFriends.png */ = {isa = PBXFileReference; lastKnownFileType = image.png; path = searchFriends.png; sourceTree = "<group>"; };
		9F8C08171BF738E60018ACC7 /* searchFriends@2x.png */ = {isa = PBXFileReference; lastKnownFileType = image.png; path = "searchFriends@2x.png"; sourceTree = "<group>"; };
		9F8C08181BF738E60018ACC7 /* searchFriends@3x.png */ = {isa = PBXFileReference; lastKnownFileType = image.png; path = "searchFriends@3x.png"; sourceTree = "<group>"; };
		9F8C081C1BF73C570018ACC7 /* scan.png */ = {isa = PBXFileReference; lastKnownFileType = image.png; path = scan.png; sourceTree = "<group>"; };
		9F8C081D1BF73C570018ACC7 /* scan@2x.png */ = {isa = PBXFileReference; lastKnownFileType = image.png; path = "scan@2x.png"; sourceTree = "<group>"; };
		9F8C081E1BF73C570018ACC7 /* scan@3x.png */ = {isa = PBXFileReference; lastKnownFileType = image.png; path = "scan@3x.png"; sourceTree = "<group>"; };
		9FC1BABC1BF177CC00FD46D0 /* Icon-100.png */ = {isa = PBXFileReference; lastKnownFileType = image.png; path = "Icon-100.png"; sourceTree = "<group>"; };
		9FC1BABD1BF177CC00FD46D0 /* Icon-108.png */ = {isa = PBXFileReference; lastKnownFileType = image.png; path = "Icon-108.png"; sourceTree = "<group>"; };
		9FC1BABE1BF177CC00FD46D0 /* Icon-114.png */ = {isa = PBXFileReference; lastKnownFileType = image.png; path = "Icon-114.png"; sourceTree = "<group>"; };
		9FC1BABF1BF177CC00FD46D0 /* Icon-120.png */ = {isa = PBXFileReference; lastKnownFileType = image.png; path = "Icon-120.png"; sourceTree = "<group>"; };
		9FC1BAC01BF177CC00FD46D0 /* Icon-128.png */ = {isa = PBXFileReference; lastKnownFileType = image.png; path = "Icon-128.png"; sourceTree = "<group>"; };
		9FC1BAC11BF177CC00FD46D0 /* Icon-144.png */ = {isa = PBXFileReference; lastKnownFileType = image.png; path = "Icon-144.png"; sourceTree = "<group>"; };
		9FC1BAC21BF177CC00FD46D0 /* Icon-152.png */ = {isa = PBXFileReference; lastKnownFileType = image.png; path = "Icon-152.png"; sourceTree = "<group>"; };
		9FC1BAC31BF177CC00FD46D0 /* Icon-155.png */ = {isa = PBXFileReference; lastKnownFileType = image.png; path = "Icon-155.png"; sourceTree = "<group>"; };
		9FC1BAC41BF177CC00FD46D0 /* Icon-16.png */ = {isa = PBXFileReference; lastKnownFileType = image.png; path = "Icon-16.png"; sourceTree = "<group>"; };
		9FC1BAC51BF177CC00FD46D0 /* Icon-180.png */ = {isa = PBXFileReference; lastKnownFileType = image.png; path = "Icon-180.png"; sourceTree = "<group>"; };
		9FC1BAC61BF177CC00FD46D0 /* Icon-256.png */ = {isa = PBXFileReference; lastKnownFileType = image.png; path = "Icon-256.png"; sourceTree = "<group>"; };
		9FC1BAC71BF177CC00FD46D0 /* Icon-28.png */ = {isa = PBXFileReference; lastKnownFileType = image.png; path = "Icon-28.png"; sourceTree = "<group>"; };
		9FC1BAC81BF177CC00FD46D0 /* Icon-29.png */ = {isa = PBXFileReference; lastKnownFileType = image.png; path = "Icon-29.png"; sourceTree = "<group>"; };
		9FC1BAC91BF177CC00FD46D0 /* Icon-40.png */ = {isa = PBXFileReference; lastKnownFileType = image.png; path = "Icon-40.png"; sourceTree = "<group>"; };
		9FC1BACA1BF177CC00FD46D0 /* Icon-50.png */ = {isa = PBXFileReference; lastKnownFileType = image.png; path = "Icon-50.png"; sourceTree = "<group>"; };
		9FC1BACB1BF177CC00FD46D0 /* Icon-512.png */ = {isa = PBXFileReference; lastKnownFileType = image.png; path = "Icon-512.png"; sourceTree = "<group>"; };
		9FC1BACC1BF177CC00FD46D0 /* Icon-57.png */ = {isa = PBXFileReference; lastKnownFileType = image.png; path = "Icon-57.png"; sourceTree = "<group>"; };
		9FC1BACD1BF177CC00FD46D0 /* Icon-58.png */ = {isa = PBXFileReference; lastKnownFileType = image.png; path = "Icon-58.png"; sourceTree = "<group>"; };
		9FC1BACE1BF177CC00FD46D0 /* Icon-60.png */ = {isa = PBXFileReference; lastKnownFileType = image.png; path = "Icon-60.png"; sourceTree = "<group>"; };
		9FC1BACF1BF177CC00FD46D0 /* Icon-64.png */ = {isa = PBXFileReference; lastKnownFileType = image.png; path = "Icon-64.png"; sourceTree = "<group>"; };
		9FC1BAD01BF177CC00FD46D0 /* Icon-72.png */ = {isa = PBXFileReference; lastKnownFileType = image.png; path = "Icon-72.png"; sourceTree = "<group>"; };
		9FC1BAD11BF177CC00FD46D0 /* Icon-76.png */ = {isa = PBXFileReference; lastKnownFileType = image.png; path = "Icon-76.png"; sourceTree = "<group>"; };
		9FC1BAD21BF177CC00FD46D0 /* Icon-80.png */ = {isa = PBXFileReference; lastKnownFileType = image.png; path = "Icon-80.png"; sourceTree = "<group>"; };
		9FC1BAD31BF177CC00FD46D0 /* Icon-87.png */ = {isa = PBXFileReference; lastKnownFileType = image.png; path = "Icon-87.png"; sourceTree = "<group>"; };
		9FC1BAD41BF177CC00FD46D0 /* Icon-90.png */ = {isa = PBXFileReference; lastKnownFileType = image.png; path = "Icon-90.png"; sourceTree = "<group>"; };
		9FC1BAD51BF177CC00FD46D0 /* icon.png */ = {isa = PBXFileReference; lastKnownFileType = image.png; path = icon.png; sourceTree = "<group>"; };
		E8BDDCEF1FBFB948E7B508F5 /* Pods.debug.xcconfig */ = {isa = PBXFileReference; includeInIndex = 1; lastKnownFileType = text.xcconfig; name = Pods.debug.xcconfig; path = "Pods/Target Support Files/Pods/Pods.debug.xcconfig"; sourceTree = "<group>"; };
/* End PBXFileReference section */

/* Begin PBXFrameworksBuildPhase section */
		9F1202041BF03F4A002C508C /* Frameworks */ = {
			isa = PBXFrameworksBuildPhase;
			buildActionMask = 2147483647;
			files = (
				7A6921C852331609747245B5 /* libPods.a in Frameworks */,
			);
			runOnlyForDeploymentPostprocessing = 0;
		};
/* End PBXFrameworksBuildPhase section */

/* Begin PBXGroup section */
		67E1D821788ABCA322B9B31C /* Frameworks */ = {
			isa = PBXGroup;
			children = (
				823755C7B1E653634711E5ED /* libPods.a */,
			);
			name = Frameworks;
			sourceTree = "<group>";
		};
		9F1201FE1BF03F4A002C508C = {
			isa = PBXGroup;
			children = (
				9F1202351BF03FA4002C508C /* CareDPrefixHeader.pch */,
				9F1202091BF03F4A002C508C /* CareD */,
				9F1202081BF03F4A002C508C /* Products */,
				C90F3E92E59019F5BD583C10 /* Pods */,
				67E1D821788ABCA322B9B31C /* Frameworks */,
			);
			sourceTree = "<group>";
		};
		9F1202081BF03F4A002C508C /* Products */ = {
			isa = PBXGroup;
			children = (
				9F1202071BF03F4A002C508C /* CareD.app */,
			);
			name = Products;
			sourceTree = "<group>";
		};
		9F1202091BF03F4A002C508C /* CareD */ = {
			isa = PBXGroup;
			children = (
				9F1202431BF04FCB002C508C /* Classes */,
				9F1202131BF03F4A002C508C /* Main.storyboard */,
				9F1202191BF03F4A002C508C /* Assets.xcassets */,
				9F12021B1BF03F4A002C508C /* LaunchScreen.storyboard */,
				9F12021E1BF03F4A002C508C /* Info.plist */,
				9F1202161BF03F4A002C508C /* CareD.xcdatamodeld */,
				9F12020A1BF03F4A002C508C /* Supporting Files */,
			);
			path = CareD;
			sourceTree = "<group>";
		};
		9F12020A1BF03F4A002C508C /* Supporting Files */ = {
			isa = PBXGroup;
			children = (
				9F12020B1BF03F4A002C508C /* main.m */,
			);
			name = "Supporting Files";
			sourceTree = "<group>";
		};
		9F1202431BF04FCB002C508C /* Classes */ = {
			isa = PBXGroup;
			children = (
				9F1202441BF04FCB002C508C /* AppDelegate */,
				9F1202471BF04FCB002C508C /* General */,
				9F1202521BF04FCB002C508C /* Helpers */,
				9F1202541BF04FCB002C508C /* Macro */,
				9F1202561BF04FCB002C508C /* Models */,
				9F1202581BF04FCB002C508C /* Resources */,
				9F12025A1BF04FCB002C508C /* Scenes */,
				9F12026A1BF04FCB002C508C /* Vendors */,
			);
			path = Classes;
			sourceTree = "<group>";
		};
		9F1202441BF04FCB002C508C /* AppDelegate */ = {
			isa = PBXGroup;
			children = (
				9F1202451BF04FCB002C508C /* AppDelegate.h */,
				9F1202461BF04FCB002C508C /* AppDelegate.m */,
			);
			path = AppDelegate;
			sourceTree = "<group>";
		};
		9F1202471BF04FCB002C508C /* General */ = {
			isa = PBXGroup;
			children = (
				9F1202481BF04FCB002C508C /* Categories */,
				9F12024A1BF04FCB002C508C /* Defines */,
				9F12024E1BF04FCB002C508C /* ViewControllers */,
				9F1202501BF04FCB002C508C /* Views */,
			);
			path = General;
			sourceTree = "<group>";
		};
		9F1202481BF04FCB002C508C /* Categories */ = {
			isa = PBXGroup;
			children = (
				9F1202491BF04FCB002C508C /* 请删除.rtf */,
			);
			path = Categories;
			sourceTree = "<group>";
		};
		9F12024A1BF04FCB002C508C /* Defines */ = {
			isa = PBXGroup;
			children = (
				9F12024B1BF04FCB002C508C /* GreenDefines.h */,
				9F12024C1BF04FCB002C508C /* HYDefines.h */,
				9F12024D1BF04FCB002C508C /* LakeDefines.h */,
			);
			path = Defines;
			sourceTree = "<group>";
		};
		9F12024E1BF04FCB002C508C /* ViewControllers */ = {
			isa = PBXGroup;
			children = (
				9F12024F1BF04FCB002C508C /* 请删除.rtf */,
			);
			path = ViewControllers;
			sourceTree = "<group>";
		};
		9F1202501BF04FCB002C508C /* Views */ = {
			isa = PBXGroup;
			children = (
				9F1202511BF04FCB002C508C /* 请删除.rtf */,
			);
			path = Views;
			sourceTree = "<group>";
		};
		9F1202521BF04FCB002C508C /* Helpers */ = {
			isa = PBXGroup;
			children = (
				9F1202531BF04FCB002C508C /* 请删除.rtf */,
			);
			path = Helpers;
			sourceTree = "<group>";
		};
		9F1202541BF04FCB002C508C /* Macro */ = {
			isa = PBXGroup;
			children = (
				9F1202551BF04FCB002C508C /* 请删除.rtf */,
			);
			path = Macro;
			sourceTree = "<group>";
		};
		9F1202561BF04FCB002C508C /* Models */ = {
			isa = PBXGroup;
			children = (
				9F1202571BF04FCB002C508C /* 请删除.rtf */,
			);
			path = Models;
			sourceTree = "<group>";
		};
		9F1202581BF04FCB002C508C /* Resources */ = {
			isa = PBXGroup;
			children = (
				9F1202881BF06B7A002C508C /* Images */,
				9F8C07D61BF71DA90018ACC7 /* 1.png */,
				9F8C080C1BF720DC0018ACC7 /* paper.jpg */,
				9F8C07A81BF6E3340018ACC7 /* FriendList */,
			);
			path = Resources;
			sourceTree = "<group>";
		};
		9F12025A1BF04FCB002C508C /* Scenes */ = {
			isa = PBXGroup;
			children = (
				9F12025B1BF04FCB002C508C /* Green */,
				9F1202601BF04FCB002C508C /* Lake */,
				9F1202651BF04FCB002C508C /* YHY */,
			);
			path = Scenes;
			sourceTree = "<group>";
		};
		9F12025B1BF04FCB002C508C /* Green */ = {
			isa = PBXGroup;
			children = (
				9F12025C1BF04FCB002C508C /* View */,
				9F12025E1BF04FCB002C508C /* ViewController */,
			);
			path = Green;
			sourceTree = "<group>";
		};
		9F12025C1BF04FCB002C508C /* View */ = {
			isa = PBXGroup;
			children = (
				9F12025D1BF04FCB002C508C /* 请删除.rtf */,
			);
			path = View;
			sourceTree = "<group>";
		};
		9F12025E1BF04FCB002C508C /* ViewController */ = {
			isa = PBXGroup;
			children = (
				9F12025F1BF04FCB002C508C /* 请删除.rtf */,
			);
			path = ViewController;
			sourceTree = "<group>";
		};
		9F1202601BF04FCB002C508C /* Lake */ = {
			isa = PBXGroup;
			children = (
				9F459F2A1BF606B7001D9B7F /* UserFriendList */,
				9F29FF5D1BF4C21D00232E8E /* RegisterSettings */,
				9F12027B1BF06348002C508C /* Login */,
				9F2D910A1BF0935700BB0330 /* Register */,
				9F1202611BF04FCB002C508C /* View */,
				9F1202631BF04FCB002C508C /* ViewController */,
			);
			path = Lake;
			sourceTree = "<group>";
		};
		9F1202611BF04FCB002C508C /* View */ = {
			isa = PBXGroup;
			children = (
				9F1202621BF04FCB002C508C /* 请删除.rtf */,
			);
			path = View;
			sourceTree = "<group>";
		};
		9F1202631BF04FCB002C508C /* ViewController */ = {
			isa = PBXGroup;
			children = (
				9F1202641BF04FCB002C508C /* 请删除.rtf */,
			);
			path = ViewController;
			sourceTree = "<group>";
		};
		9F1202651BF04FCB002C508C /* YHY */ = {
			isa = PBXGroup;
			children = (
				9F1202661BF04FCB002C508C /* View */,
				9F1202681BF04FCB002C508C /* ViewController */,
			);
			path = YHY;
			sourceTree = "<group>";
		};
		9F1202661BF04FCB002C508C /* View */ = {
			isa = PBXGroup;
			children = (
				9F1202671BF04FCB002C508C /* 请删除.rtf */,
			);
			path = View;
			sourceTree = "<group>";
		};
		9F1202681BF04FCB002C508C /* ViewController */ = {
			isa = PBXGroup;
			children = (
				9F1202691BF04FCB002C508C /* 请删除.rtf */,
			);
			path = ViewController;
			sourceTree = "<group>";
		};
		9F12026A1BF04FCB002C508C /* Vendors */ = {
			isa = PBXGroup;
			children = (
				9F8C07D81BF71E800018ACC7 /* SDWebImage */,
				9F29FF4F1BF46DA800232E8E /* DeformationButton */,
				9F29FF431BF463D000232E8E /* YCChatManagers */,
				9F12029D1BF06D1D002C508C /* UIShakeView */,
			);
			path = Vendors;
			sourceTree = "<group>";
		};
		9F12027B1BF06348002C508C /* Login */ = {
			isa = PBXGroup;
			children = (
				9F12027C1BF06348002C508C /* View */,
				9F12027E1BF06348002C508C /* ViewController */,
			);
			path = Login;
			sourceTree = "<group>";
		};
		9F12027C1BF06348002C508C /* View */ = {
			isa = PBXGroup;
			children = (
				9F1202851BF0636D002C508C /* LoginView.h */,
				9F1202861BF0636D002C508C /* LoginView.m */,
			);
			path = View;
			sourceTree = "<group>";
		};
		9F12027E1BF06348002C508C /* ViewController */ = {
			isa = PBXGroup;
			children = (
				9F1202821BF06360002C508C /* LoginViewController.h */,
				9F1202831BF06360002C508C /* LoginViewController.m */,
			);
			path = ViewController;
			sourceTree = "<group>";
		};
		9F1202881BF06B7A002C508C /* Images */ = {
			isa = PBXGroup;
			children = (
				9F8C079D1BF6CE490018ACC7 /* Logo */,
				9FC1BABB1BF177CC00FD46D0 /* icon */,
				9F2D91171BF0976B00BB0330 /* Register */,
				9F1202891BF06B7A002C508C /* Login */,
			);
			path = Images;
			sourceTree = "<group>";
		};
		9F1202891BF06B7A002C508C /* Login */ = {
			isa = PBXGroup;
			children = (
				9F12028A1BF06B7A002C508C /* loginImage@2x.png */,
			);
			path = Login;
			sourceTree = "<group>";
		};
		9F12029D1BF06D1D002C508C /* UIShakeView */ = {
			isa = PBXGroup;
			children = (
				9F12029E1BF06D1D002C508C /* UIShakeView.h */,
				9F12029F1BF06D1D002C508C /* UIShakeView.m */,
			);
			path = UIShakeView;
			sourceTree = "<group>";
		};
		9F29FF431BF463D000232E8E /* YCChatManagers */ = {
			isa = PBXGroup;
			children = (
				9F29FF441BF463D000232E8E /* YCUserDefines.h */,
				9F459F371BF6106B001D9B7F /* YCUserFriendRequestManager.h */,
				9F459F381BF6106B001D9B7F /* YCUserFriendRequestManager.m */,
				9F29FF451BF463D000232E8E /* YCUserFriendsManager.h */,
				9F29FF461BF463D000232E8E /* YCUserFriendsManager.m */,
				9F29FF471BF463D000232E8E /* YCUserImageManager.h */,
				9F29FF481BF463D000232E8E /* YCUserImageManager.m */,
				9F29FF491BF463D000232E8E /* YCUserManager.h */,
				9F29FF4A1BF463D000232E8E /* YCUserManager.m */,
				9F29FF4B1BF463D000232E8E /* YCUsers.h */,
			);
			path = YCChatManagers;
			sourceTree = "<group>";
		};
		9F29FF4F1BF46DA800232E8E /* DeformationButton */ = {
			isa = PBXGroup;
			children = (
				9F29FF501BF46DA800232E8E /* Source */,
			);
			path = DeformationButton;
			sourceTree = "<group>";
		};
		9F29FF501BF46DA800232E8E /* Source */ = {
			isa = PBXGroup;
			children = (
				9F29FF511BF46DA800232E8E /* DeformationButton.h */,
				9F29FF521BF46DA800232E8E /* DeformationButton.m */,
				9F29FF531BF46DA800232E8E /* MMMaterialDesignSpinner-master */,
			);
			path = Source;
			sourceTree = "<group>";
		};
		9F29FF531BF46DA800232E8E /* MMMaterialDesignSpinner-master */ = {
			isa = PBXGroup;
			children = (
				9F29FF541BF46DA800232E8E /* MMMaterialDesignSpinner.h */,
				9F29FF551BF46DA800232E8E /* MMMaterialDesignSpinner.m */,
			);
			path = "MMMaterialDesignSpinner-master";
			sourceTree = "<group>";
		};
		9F29FF5D1BF4C21D00232E8E /* RegisterSettings */ = {
			isa = PBXGroup;
			children = (
				9F29FF5E1BF4C21D00232E8E /* View */,
				9F29FF601BF4C21D00232E8E /* ViewController */,
			);
			path = RegisterSettings;
			sourceTree = "<group>";
		};
		9F29FF5E1BF4C21D00232E8E /* View */ = {
			isa = PBXGroup;
			children = (
				9F459EF81BF58773001D9B7F /* imagePickerChooseView.h */,
				9F459EF91BF58773001D9B7F /* imagePickerChooseView.m */,
			);
			path = View;
			sourceTree = "<group>";
		};
		9F29FF601BF4C21D00232E8E /* ViewController */ = {
			isa = PBXGroup;
			children = (
				9F29FF641BF4C29C00232E8E /* RegisterSettingsViewController.h */,
				9F29FF651BF4C29C00232E8E /* RegisterSettingsViewController.m */,
				9F29FF661BF4C29C00232E8E /* RegisterSettingsViewController.xib */,
			);
			path = ViewController;
			sourceTree = "<group>";
		};
		9F2D910A1BF0935700BB0330 /* Register */ = {
			isa = PBXGroup;
			children = (
				9F2D910B1BF0935700BB0330 /* View */,
				9F2D910D1BF0935700BB0330 /* ViewController */,
			);
			path = Register;
			sourceTree = "<group>";
		};
		9F2D910B1BF0935700BB0330 /* View */ = {
			isa = PBXGroup;
			children = (
			);
			path = View;
			sourceTree = "<group>";
		};
		9F2D910D1BF0935700BB0330 /* ViewController */ = {
			isa = PBXGroup;
			children = (
				9F29FF581BF4823900232E8E /* RegisterViewController.h */,
				9F29FF591BF4823900232E8E /* RegisterViewController.m */,
				9F29FF5A1BF4823900232E8E /* RegisterViewController.xib */,
			);
			path = ViewController;
			sourceTree = "<group>";
		};
		9F2D91171BF0976B00BB0330 /* Register */ = {
			isa = PBXGroup;
			children = (
				9F459EFB1BF58BFA001D9B7F /* camera@2x.png */,
				9F459EFC1BF58BFA001D9B7F /* photoBook@2x.png */,
				9F459EF61BF570FC001D9B7F /* addImage@2x.png */,
				9F2D91181BF0976B00BB0330 /* RegisterImage@2x.png */,
			);
			path = Register;
			sourceTree = "<group>";
		};
		9F459F2A1BF606B7001D9B7F /* UserFriendList */ = {
			isa = PBXGroup;
			children = (
				9F459F2B1BF606B7001D9B7F /* View */,
				9F459F2D1BF606B7001D9B7F /* ViewController */,
			);
			path = UserFriendList;
			sourceTree = "<group>";
		};
		9F459F2B1BF606B7001D9B7F /* View */ = {
			isa = PBXGroup;
			children = (
				9F8C08131BF731990018ACC7 /* YCFuncListView.h */,
				9F8C08141BF731990018ACC7 /* YCFuncListView.m */,
				9F8C07C71BF712A10018ACC7 /* RGCardViewLayout.h */,
				9F8C07C81BF712A10018ACC7 /* RGCardViewLayout.m */,
				9F8C07C11BF70FD00018ACC7 /* Cells */,
				9F459F341BF606DF001D9B7F /* FriendListView.h */,
				9F459F351BF606DF001D9B7F /* FriendListView.m */,
				9F8C07A51BF6D6080018ACC7 /* UserImageView.h */,
				9F8C07A61BF6D6080018ACC7 /* UserImageView.m */,
				9F8C07BB1BF6E6400018ACC7 /* YCFriendListView.h */,
				9F8C07BC1BF6E6400018ACC7 /* YCFriendListView.m */,
			);
			path = View;
			sourceTree = "<group>";
		};
		9F459F2D1BF606B7001D9B7F /* ViewController */ = {
			isa = PBXGroup;
			children = (
				9F459F311BF606D5001D9B7F /* FriendListViewController.h */,
				9F459F321BF606D5001D9B7F /* FriendListViewController.m */,
			);
			path = ViewController;
			sourceTree = "<group>";
		};
		9F8C079D1BF6CE490018ACC7 /* Logo */ = {
			isa = PBXGroup;
			children = (
				9F8C079E1BF6CE490018ACC7 /* White */,
			);
			path = Logo;
			sourceTree = "<group>";
		};
		9F8C079E1BF6CE490018ACC7 /* White */ = {
			isa = PBXGroup;
			children = (
				9F8C079F1BF6CE490018ACC7 /* Logo.png */,
				9F8C07A01BF6CE490018ACC7 /* Logo@2x.png */,
				9F8C07A11BF6CE490018ACC7 /* Logo@3x.png */,
			);
			path = White;
			sourceTree = "<group>";
		};
		9F8C07A81BF6E3340018ACC7 /* FriendList */ = {
			isa = PBXGroup;
			children = (
				9F8C081C1BF73C570018ACC7 /* scan.png */,
				9F8C081D1BF73C570018ACC7 /* scan@2x.png */,
				9F8C081E1BF73C570018ACC7 /* scan@3x.png */,
				9F8C08161BF738E60018ACC7 /* searchFriends.png */,
				9F8C08171BF738E60018ACC7 /* searchFriends@2x.png */,
				9F8C08181BF738E60018ACC7 /* searchFriends@3x.png */,
				9F8C07D01BF715600018ACC7 /* circleList.png */,
				9F8C07D11BF715600018ACC7 /* circleList@2x.png */,
				9F8C07D21BF715600018ACC7 /* circleList@3x.png */,
				9F8C07B51BF6E5760018ACC7 /* funcButton.png */,
				9F8C07B61BF6E5760018ACC7 /* funcButton@2x.png */,
				9F8C07B71BF6E5760018ACC7 /* funcButton@3x.png */,
				9F8C07AC1BF6E3340018ACC7 /* tableList.png */,
				9F8C07AD1BF6E3340018ACC7 /* tableList@2x.png */,
				9F8C07AE1BF6E3340018ACC7 /* tableList@3x.png */,
			);
			path = FriendList;
			sourceTree = "<group>";
		};
		9F8C07C11BF70FD00018ACC7 /* Cells */ = {
			isa = PBXGroup;
			children = (
				9F8C07C21BF70FED0018ACC7 /* CircleListCell.h */,
				9F8C07C31BF70FED0018ACC7 /* CircleListCell.m */,
				9F8C07C41BF70FED0018ACC7 /* CircleListCell.xib */,
				9F8C080E1BF72D120018ACC7 /* tableListCell.h */,
				9F8C080F1BF72D120018ACC7 /* tableListCell.m */,
				9F8C08101BF72D120018ACC7 /* tableListCell.xib */,
			);
			path = Cells;
			sourceTree = "<group>";
		};
		9F8C07D81BF71E800018ACC7 /* SDWebImage */ = {
			isa = PBXGroup;
			children = (
				9F8C07D91BF71E800018ACC7 /* MKAnnotationView+WebCache.h */,
				9F8C07DA1BF71E800018ACC7 /* MKAnnotationView+WebCache.m */,
				9F8C07DB1BF71E800018ACC7 /* NSData+ImageContentType.h */,
				9F8C07DC1BF71E800018ACC7 /* NSData+ImageContentType.m */,
				9F8C07DD1BF71E800018ACC7 /* SDImageCache.h */,
				9F8C07DE1BF71E800018ACC7 /* SDImageCache.m */,
				9F8C07DF1BF71E800018ACC7 /* SDWebImageCompat.h */,
				9F8C07E01BF71E800018ACC7 /* SDWebImageCompat.m */,
				9F8C07E11BF71E800018ACC7 /* SDWebImageDecoder.h */,
				9F8C07E21BF71E800018ACC7 /* SDWebImageDecoder.m */,
				9F8C07E31BF71E800018ACC7 /* SDWebImageDownloader.h */,
				9F8C07E41BF71E800018ACC7 /* SDWebImageDownloader.m */,
				9F8C07E51BF71E800018ACC7 /* SDWebImageDownloaderOperation.h */,
				9F8C07E61BF71E800018ACC7 /* SDWebImageDownloaderOperation.m */,
				9F8C07E71BF71E800018ACC7 /* SDWebImageManager.h */,
				9F8C07E81BF71E800018ACC7 /* SDWebImageManager.m */,
				9F8C07E91BF71E800018ACC7 /* SDWebImageOperation.h */,
				9F8C07EA1BF71E800018ACC7 /* SDWebImagePrefetcher.h */,
				9F8C07EB1BF71E800018ACC7 /* SDWebImagePrefetcher.m */,
				9F8C07EC1BF71E800018ACC7 /* UIButton+WebCache.h */,
				9F8C07ED1BF71E800018ACC7 /* UIButton+WebCache.m */,
				9F8C07EE1BF71E800018ACC7 /* UIImage+GIF.h */,
				9F8C07EF1BF71E800018ACC7 /* UIImage+GIF.m */,
				9F8C07F01BF71E800018ACC7 /* UIImage+MultiFormat.h */,
				9F8C07F11BF71E800018ACC7 /* UIImage+MultiFormat.m */,
				9F8C07F21BF71E800018ACC7 /* UIImage+WebP.h */,
				9F8C07F31BF71E800018ACC7 /* UIImage+WebP.m */,
				9F8C07F41BF71E800018ACC7 /* UIImageView+HighlightedWebCache.h */,
				9F8C07F51BF71E800018ACC7 /* UIImageView+HighlightedWebCache.m */,
				9F8C07F61BF71E800018ACC7 /* UIImageView+WebCache.h */,
				9F8C07F71BF71E800018ACC7 /* UIImageView+WebCache.m */,
				9F8C07F81BF71E800018ACC7 /* UIView+WebCacheOperation.h */,
				9F8C07F91BF71E800018ACC7 /* UIView+WebCacheOperation.m */,
			);
			path = SDWebImage;
			sourceTree = "<group>";
		};
		9FC1BABB1BF177CC00FD46D0 /* icon */ = {
			isa = PBXGroup;
			children = (
				9FC1BABC1BF177CC00FD46D0 /* Icon-100.png */,
				9FC1BABD1BF177CC00FD46D0 /* Icon-108.png */,
				9FC1BABE1BF177CC00FD46D0 /* Icon-114.png */,
				9FC1BABF1BF177CC00FD46D0 /* Icon-120.png */,
				9FC1BAC01BF177CC00FD46D0 /* Icon-128.png */,
				9FC1BAC11BF177CC00FD46D0 /* Icon-144.png */,
				9FC1BAC21BF177CC00FD46D0 /* Icon-152.png */,
				9FC1BAC31BF177CC00FD46D0 /* Icon-155.png */,
				9FC1BAC41BF177CC00FD46D0 /* Icon-16.png */,
				9FC1BAC51BF177CC00FD46D0 /* Icon-180.png */,
				9FC1BAC61BF177CC00FD46D0 /* Icon-256.png */,
				9FC1BAC71BF177CC00FD46D0 /* Icon-28.png */,
				9FC1BAC81BF177CC00FD46D0 /* Icon-29.png */,
				9FC1BAC91BF177CC00FD46D0 /* Icon-40.png */,
				9FC1BACA1BF177CC00FD46D0 /* Icon-50.png */,
				9FC1BACB1BF177CC00FD46D0 /* Icon-512.png */,
				9FC1BACC1BF177CC00FD46D0 /* Icon-57.png */,
				9FC1BACD1BF177CC00FD46D0 /* Icon-58.png */,
				9FC1BACE1BF177CC00FD46D0 /* Icon-60.png */,
				9FC1BACF1BF177CC00FD46D0 /* Icon-64.png */,
				9FC1BAD01BF177CC00FD46D0 /* Icon-72.png */,
				9FC1BAD11BF177CC00FD46D0 /* Icon-76.png */,
				9FC1BAD21BF177CC00FD46D0 /* Icon-80.png */,
				9FC1BAD31BF177CC00FD46D0 /* Icon-87.png */,
				9FC1BAD41BF177CC00FD46D0 /* Icon-90.png */,
				9FC1BAD51BF177CC00FD46D0 /* icon.png */,
			);
			path = icon;
			sourceTree = "<group>";
		};
		C90F3E92E59019F5BD583C10 /* Pods */ = {
			isa = PBXGroup;
			children = (
				E8BDDCEF1FBFB948E7B508F5 /* Pods.debug.xcconfig */,
				6A1FC9043D8FC67A0E655F80 /* Pods.release.xcconfig */,
			);
			name = Pods;
			sourceTree = "<group>";
		};
/* End PBXGroup section */

/* Begin PBXNativeTarget section */
		9F1202061BF03F4A002C508C /* CareD */ = {
			isa = PBXNativeTarget;
			buildConfigurationList = 9F1202211BF03F4A002C508C /* Build configuration list for PBXNativeTarget "CareD" */;
			buildPhases = (
				F73BBA04494071D5BB1E3D4A /* Check Pods Manifest.lock */,
				9F1202031BF03F4A002C508C /* Sources */,
				9F1202041BF03F4A002C508C /* Frameworks */,
				9F1202051BF03F4A002C508C /* Resources */,
				81547B37447BA5C4A78A395E /* Copy Pods Resources */,
			);
			buildRules = (
			);
			dependencies = (
			);
			name = CareD;
			productName = CareD;
			productReference = 9F1202071BF03F4A002C508C /* CareD.app */;
			productType = "com.apple.product-type.application";
		};
/* End PBXNativeTarget section */

/* Begin PBXProject section */
		9F1201FF1BF03F4A002C508C /* Project object */ = {
			isa = PBXProject;
			attributes = {
				LastUpgradeCheck = 0710;
				ORGANIZATIONNAME = "Tec-Erica";
				TargetAttributes = {
					9F1202061BF03F4A002C508C = {
						CreatedOnToolsVersion = 7.1;
						DevelopmentTeam = 75693XATVN;
					};
				};
			};
			buildConfigurationList = 9F1202021BF03F4A002C508C /* Build configuration list for PBXProject "CareD" */;
			compatibilityVersion = "Xcode 3.2";
			developmentRegion = English;
			hasScannedForEncodings = 0;
			knownRegions = (
				en,
				Base,
			);
			mainGroup = 9F1201FE1BF03F4A002C508C;
			productRefGroup = 9F1202081BF03F4A002C508C /* Products */;
			projectDirPath = "";
			projectRoot = "";
			targets = (
				9F1202061BF03F4A002C508C /* CareD */,
			);
		};
/* End PBXProject section */

/* Begin PBXResourcesBuildPhase section */
		9F1202051BF03F4A002C508C /* Resources */ = {
			isa = PBXResourcesBuildPhase;
			buildActionMask = 2147483647;
			files = (
				9F8C08191BF738E60018ACC7 /* searchFriends.png in Resources */,
				9F8C07D41BF715600018ACC7 /* circleList@2x.png in Resources */,
				9FC1BAE61BF177CC00FD46D0 /* Icon-57.png in Resources */,
				9F29FF5C1BF4823900232E8E /* RegisterViewController.xib in Resources */,
				9FC1BAEF1BF177CC00FD46D0 /* icon.png in Resources */,
				9FC1BAE31BF177CC00FD46D0 /* Icon-40.png in Resources */,
				9F1202751BF04FCB002C508C /* 请删除.rtf in Resources */,
				9F459EFD1BF58BFA001D9B7F /* camera@2x.png in Resources */,
				9F8C081F1BF73C570018ACC7 /* scan.png in Resources */,
				9F1202721BF04FCB002C508C /* 请删除.rtf in Resources */,
				9F12026F1BF04FCB002C508C /* 请删除.rtf in Resources */,
				9F1202781BF04FCB002C508C /* 请删除.rtf in Resources */,
				9F12026D1BF04FCB002C508C /* 请删除.rtf in Resources */,
				9FC1BAED1BF177CC00FD46D0 /* Icon-87.png in Resources */,
				9F8C08211BF73C570018ACC7 /* scan@3x.png in Resources */,
				9FC1BAE41BF177CC00FD46D0 /* Icon-50.png in Resources */,
				9F8C07D51BF715600018ACC7 /* circleList@3x.png in Resources */,
				9FC1BAE51BF177CC00FD46D0 /* Icon-512.png in Resources */,
				9F12021D1BF03F4A002C508C /* LaunchScreen.storyboard in Resources */,
				9F12021A1BF03F4A002C508C /* Assets.xcassets in Resources */,
				9F8C07A21BF6CE490018ACC7 /* Logo.png in Resources */,
				9F8C07B91BF6E5760018ACC7 /* funcButton@2x.png in Resources */,
				9FC1BAE21BF177CC00FD46D0 /* Icon-29.png in Resources */,
				9F1202711BF04FCB002C508C /* 请删除.rtf in Resources */,
				9FC1BAEB1BF177CC00FD46D0 /* Icon-76.png in Resources */,
				9F12026E1BF04FCB002C508C /* 请删除.rtf in Resources */,
				9F8C080D1BF720DC0018ACC7 /* paper.jpg in Resources */,
				9FC1BAE71BF177CC00FD46D0 /* Icon-58.png in Resources */,
				9F8C07A31BF6CE490018ACC7 /* Logo@2x.png in Resources */,
				9FC1BAE91BF177CC00FD46D0 /* Icon-64.png in Resources */,
				9FC1BADF1BF177CC00FD46D0 /* Icon-180.png in Resources */,
				9FC1BADC1BF177CC00FD46D0 /* Icon-152.png in Resources */,
				9F29FF681BF4C29C00232E8E /* RegisterSettingsViewController.xib in Resources */,
				9FC1BADD1BF177CC00FD46D0 /* Icon-155.png in Resources */,
				9F8C081A1BF738E60018ACC7 /* searchFriends@2x.png in Resources */,
				9F1202741BF04FCB002C508C /* 请删除.rtf in Resources */,
				9F459EFE1BF58BFA001D9B7F /* photoBook@2x.png in Resources */,
				9F1202701BF04FCB002C508C /* 请删除.rtf in Resources */,
				9F8C081B1BF738E60018ACC7 /* searchFriends@3x.png in Resources */,
				9FC1BAEA1BF177CC00FD46D0 /* Icon-72.png in Resources */,
				9F8C07BA1BF6E5760018ACC7 /* funcButton@3x.png in Resources */,
				9FC1BAD81BF177CC00FD46D0 /* Icon-114.png in Resources */,
				9F8C08201BF73C570018ACC7 /* scan@2x.png in Resources */,
				9F459EF71BF570FC001D9B7F /* addImage@2x.png in Resources */,
				9F8C08121BF72D120018ACC7 /* tableListCell.xib in Resources */,
				9FC1BAEE1BF177CC00FD46D0 /* Icon-90.png in Resources */,
				9F8C07B41BF6E3340018ACC7 /* tableList@3x.png in Resources */,
				9F8C07A41BF6CE490018ACC7 /* Logo@3x.png in Resources */,
				9FC1BAE81BF177CC00FD46D0 /* Icon-60.png in Resources */,
				9FC1BAE01BF177CC00FD46D0 /* Icon-256.png in Resources */,
				9F1202791BF04FCB002C508C /* 请删除.rtf in Resources */,
				9F8C07B31BF6E3340018ACC7 /* tableList@2x.png in Resources */,
				9F8C07D31BF715600018ACC7 /* circleList.png in Resources */,
				9F1202951BF06B7A002C508C /* loginImage@2x.png in Resources */,
				9FC1BAD71BF177CC00FD46D0 /* Icon-108.png in Resources */,
				9F1202151BF03F4A002C508C /* Main.storyboard in Resources */,
				9FC1BAE11BF177CC00FD46D0 /* Icon-28.png in Resources */,
				9F8C07B81BF6E5760018ACC7 /* funcButton.png in Resources */,
				9FC1BADB1BF177CC00FD46D0 /* Icon-144.png in Resources */,
				9F1202771BF04FCB002C508C /* 请删除.rtf in Resources */,
				9FC1BAEC1BF177CC00FD46D0 /* Icon-80.png in Resources */,
				9F8C07C61BF70FED0018ACC7 /* CircleListCell.xib in Resources */,
				9F2D91191BF0976B00BB0330 /* RegisterImage@2x.png in Resources */,
				9FC1BADE1BF177CC00FD46D0 /* Icon-16.png in Resources */,
				9FC1BADA1BF177CC00FD46D0 /* Icon-128.png in Resources */,
				9FC1BAD61BF177CC00FD46D0 /* Icon-100.png in Resources */,
				9FC1BAD91BF177CC00FD46D0 /* Icon-120.png in Resources */,
				9F1202761BF04FCB002C508C /* 请删除.rtf in Resources */,
				9F8C07B21BF6E3340018ACC7 /* tableList.png in Resources */,
				9F8C07D71BF71DA90018ACC7 /* 1.png in Resources */,
			);
			runOnlyForDeploymentPostprocessing = 0;
		};
/* End PBXResourcesBuildPhase section */

/* Begin PBXShellScriptBuildPhase section */
		81547B37447BA5C4A78A395E /* Copy Pods Resources */ = {
			isa = PBXShellScriptBuildPhase;
			buildActionMask = 2147483647;
			files = (
			);
			inputPaths = (
			);
			name = "Copy Pods Resources";
			outputPaths = (
			);
			runOnlyForDeploymentPostprocessing = 0;
			shellPath = /bin/sh;
			shellScript = "\"${SRCROOT}/Pods/Target Support Files/Pods/Pods-resources.sh\"\n";
			showEnvVarsInLog = 0;
		};
		F73BBA04494071D5BB1E3D4A /* Check Pods Manifest.lock */ = {
			isa = PBXShellScriptBuildPhase;
			buildActionMask = 2147483647;
			files = (
			);
			inputPaths = (
			);
			name = "Check Pods Manifest.lock";
			outputPaths = (
			);
			runOnlyForDeploymentPostprocessing = 0;
			shellPath = /bin/sh;
			shellScript = "diff \"${PODS_ROOT}/../Podfile.lock\" \"${PODS_ROOT}/Manifest.lock\" > /dev/null\nif [[ $? != 0 ]] ; then\n    cat << EOM\nerror: The sandbox is not in sync with the Podfile.lock. Run 'pod install' or update your CocoaPods installation.\nEOM\n    exit 1\nfi\n";
			showEnvVarsInLog = 0;
		};
/* End PBXShellScriptBuildPhase section */

/* Begin PBXSourcesBuildPhase section */
		9F1202031BF03F4A002C508C /* Sources */ = {
			isa = PBXSourcesBuildPhase;
			buildActionMask = 2147483647;
			files = (
				9F8C07FE1BF71E800018ACC7 /* SDWebImageDecoder.m in Sources */,
				9F1202841BF06360002C508C /* LoginViewController.m in Sources */,
				9F8C07FA1BF71E800018ACC7 /* MKAnnotationView+WebCache.m in Sources */,
				9F1202181BF03F4A002C508C /* CareD.xcdatamodeld in Sources */,
				9F29FF4C1BF463D000232E8E /* YCUserFriendsManager.m in Sources */,
				9F8C07C91BF712A10018ACC7 /* RGCardViewLayout.m in Sources */,
				9F12020C1BF03F4A002C508C /* main.m in Sources */,
				9F1202871BF0636D002C508C /* LoginView.m in Sources */,
				9F8C07FD1BF71E800018ACC7 /* SDWebImageCompat.m in Sources */,
				9F8C07FC1BF71E800018ACC7 /* SDImageCache.m in Sources */,
				9F8C08051BF71E800018ACC7 /* UIImage+MultiFormat.m in Sources */,
				9F8C08041BF71E800018ACC7 /* UIImage+GIF.m in Sources */,
				9F8C07FF1BF71E800018ACC7 /* SDWebImageDownloader.m in Sources */,
				9F29FF571BF46DA800232E8E /* MMMaterialDesignSpinner.m in Sources */,
				9F8C08081BF71E800018ACC7 /* UIImageView+WebCache.m in Sources */,
				9F8C08031BF71E800018ACC7 /* UIButton+WebCache.m in Sources */,
				9F459F331BF606D5001D9B7F /* FriendListViewController.m in Sources */,
				9F29FF4E1BF463D000232E8E /* YCUserManager.m in Sources */,
				9F8C08151BF731990018ACC7 /* YCFuncListView.m in Sources */,
				9F29FF5B1BF4823900232E8E /* RegisterViewController.m in Sources */,
				9F8C07C51BF70FED0018ACC7 /* CircleListCell.m in Sources */,
				9F29FF561BF46DA800232E8E /* DeformationButton.m in Sources */,
				9F459F361BF606DF001D9B7F /* FriendListView.m in Sources */,
				9F8C08001BF71E800018ACC7 /* SDWebImageDownloaderOperation.m in Sources */,
				9F8C07A71BF6D6080018ACC7 /* UserImageView.m in Sources */,
				9F12026C1BF04FCB002C508C /* AppDelegate.m in Sources */,
				9F8C08021BF71E800018ACC7 /* SDWebImagePrefetcher.m in Sources */,
				9F8C08061BF71E800018ACC7 /* UIImage+WebP.m in Sources */,
				9F8C08011BF71E800018ACC7 /* SDWebImageManager.m in Sources */,
				9F8C08111BF72D120018ACC7 /* tableListCell.m in Sources */,
				9F8C07FB1BF71E800018ACC7 /* NSData+ImageContentType.m in Sources */,
				9F459F391BF6106B001D9B7F /* YCUserFriendRequestManager.m in Sources */,
				9F8C07BD1BF6E6400018ACC7 /* YCFriendListView.m in Sources */,
				9F29FF671BF4C29C00232E8E /* RegisterSettingsViewController.m in Sources */,
				9F1202A01BF06D1D002C508C /* UIShakeView.m in Sources */,
				9F29FF4D1BF463D000232E8E /* YCUserImageManager.m in Sources */,
				9F8C08091BF71E800018ACC7 /* UIView+WebCacheOperation.m in Sources */,
				9F8C08071BF71E800018ACC7 /* UIImageView+HighlightedWebCache.m in Sources */,
				9F459EFA1BF58773001D9B7F /* imagePickerChooseView.m in Sources */,
			);
			runOnlyForDeploymentPostprocessing = 0;
		};
/* End PBXSourcesBuildPhase section */

/* Begin PBXVariantGroup section */
		9F1202131BF03F4A002C508C /* Main.storyboard */ = {
			isa = PBXVariantGroup;
			children = (
				9F1202141BF03F4A002C508C /* Base */,
			);
			name = Main.storyboard;
			sourceTree = "<group>";
		};
		9F12021B1BF03F4A002C508C /* LaunchScreen.storyboard */ = {
			isa = PBXVariantGroup;
			children = (
				9F12021C1BF03F4A002C508C /* Base */,
			);
			name = LaunchScreen.storyboard;
			sourceTree = "<group>";
		};
/* End PBXVariantGroup section */

/* Begin XCBuildConfiguration section */
		9F12021F1BF03F4A002C508C /* Debug */ = {
			isa = XCBuildConfiguration;
			buildSettings = {
				ALWAYS_SEARCH_USER_PATHS = NO;
				CLANG_CXX_LANGUAGE_STANDARD = "gnu++0x";
				CLANG_CXX_LIBRARY = "libc++";
				CLANG_ENABLE_MODULES = YES;
				CLANG_ENABLE_OBJC_ARC = YES;
				CLANG_WARN_BOOL_CONVERSION = YES;
				CLANG_WARN_CONSTANT_CONVERSION = YES;
				CLANG_WARN_DIRECT_OBJC_ISA_USAGE = YES_ERROR;
				CLANG_WARN_EMPTY_BODY = YES;
				CLANG_WARN_ENUM_CONVERSION = YES;
				CLANG_WARN_INT_CONVERSION = YES;
				CLANG_WARN_OBJC_ROOT_CLASS = YES_ERROR;
				CLANG_WARN_UNREACHABLE_CODE = YES;
				CLANG_WARN__DUPLICATE_METHOD_MATCH = YES;
				"CODE_SIGN_IDENTITY[sdk=iphoneos*]" = "iPhone Developer";
				COPY_PHASE_STRIP = NO;
				DEBUG_INFORMATION_FORMAT = dwarf;
				ENABLE_STRICT_OBJC_MSGSEND = YES;
				ENABLE_TESTABILITY = YES;
				GCC_C_LANGUAGE_STANDARD = gnu99;
				GCC_DYNAMIC_NO_PIC = NO;
				GCC_NO_COMMON_BLOCKS = YES;
				GCC_OPTIMIZATION_LEVEL = 0;
				GCC_PREPROCESSOR_DEFINITIONS = (
					"DEBUG=1",
					"$(inherited)",
				);
				GCC_WARN_64_TO_32_BIT_CONVERSION = YES;
				GCC_WARN_ABOUT_RETURN_TYPE = YES_ERROR;
				GCC_WARN_UNDECLARED_SELECTOR = YES;
				GCC_WARN_UNINITIALIZED_AUTOS = YES_AGGRESSIVE;
				GCC_WARN_UNUSED_FUNCTION = YES;
				GCC_WARN_UNUSED_VARIABLE = YES;
				IPHONEOS_DEPLOYMENT_TARGET = 9.1;
				MTL_ENABLE_DEBUG_INFO = YES;
				ONLY_ACTIVE_ARCH = YES;
				SDKROOT = iphoneos;
			};
			name = Debug;
		};
		9F1202201BF03F4A002C508C /* Release */ = {
			isa = XCBuildConfiguration;
			buildSettings = {
				ALWAYS_SEARCH_USER_PATHS = NO;
				CLANG_CXX_LANGUAGE_STANDARD = "gnu++0x";
				CLANG_CXX_LIBRARY = "libc++";
				CLANG_ENABLE_MODULES = YES;
				CLANG_ENABLE_OBJC_ARC = YES;
				CLANG_WARN_BOOL_CONVERSION = YES;
				CLANG_WARN_CONSTANT_CONVERSION = YES;
				CLANG_WARN_DIRECT_OBJC_ISA_USAGE = YES_ERROR;
				CLANG_WARN_EMPTY_BODY = YES;
				CLANG_WARN_ENUM_CONVERSION = YES;
				CLANG_WARN_INT_CONVERSION = YES;
				CLANG_WARN_OBJC_ROOT_CLASS = YES_ERROR;
				CLANG_WARN_UNREACHABLE_CODE = YES;
				CLANG_WARN__DUPLICATE_METHOD_MATCH = YES;
				"CODE_SIGN_IDENTITY[sdk=iphoneos*]" = "iPhone Developer";
				COPY_PHASE_STRIP = NO;
				DEBUG_INFORMATION_FORMAT = "dwarf-with-dsym";
				ENABLE_NS_ASSERTIONS = NO;
				ENABLE_STRICT_OBJC_MSGSEND = YES;
				GCC_C_LANGUAGE_STANDARD = gnu99;
				GCC_NO_COMMON_BLOCKS = YES;
				GCC_WARN_64_TO_32_BIT_CONVERSION = YES;
				GCC_WARN_ABOUT_RETURN_TYPE = YES_ERROR;
				GCC_WARN_UNDECLARED_SELECTOR = YES;
				GCC_WARN_UNINITIALIZED_AUTOS = YES_AGGRESSIVE;
				GCC_WARN_UNUSED_FUNCTION = YES;
				GCC_WARN_UNUSED_VARIABLE = YES;
				IPHONEOS_DEPLOYMENT_TARGET = 9.1;
				MTL_ENABLE_DEBUG_INFO = NO;
				SDKROOT = iphoneos;
				VALIDATE_PRODUCT = YES;
			};
			name = Release;
		};
		9F1202221BF03F4A002C508C /* Debug */ = {
			isa = XCBuildConfiguration;
			baseConfigurationReference = E8BDDCEF1FBFB948E7B508F5 /* Pods.debug.xcconfig */;
			buildSettings = {
				ASSETCATALOG_COMPILER_APPICON_NAME = AppIcon;
				CODE_SIGN_IDENTITY = "iPhone Developer";
				"CODE_SIGN_IDENTITY[sdk=iphoneos*]" = "iPhone Developer";
				COMPRESS_PNG_FILES = NO;
				GCC_PREFIX_HEADER = CareDPrefixHeader.pch;
				INFOPLIST_FILE = CareD/Info.plist;
				LD_RUNPATH_SEARCH_PATHS = "$(inherited) @executable_path/Frameworks";
				PRODUCT_BUNDLE_IDENTIFIER = com.TecErica.CareD;
				PRODUCT_NAME = "$(TARGET_NAME)";
				PROVISIONING_PROFILE = "";
			};
			name = Debug;
		};
		9F1202231BF03F4A002C508C /* Release */ = {
			isa = XCBuildConfiguration;
			baseConfigurationReference = 6A1FC9043D8FC67A0E655F80 /* Pods.release.xcconfig */;
			buildSettings = {
				ASSETCATALOG_COMPILER_APPICON_NAME = AppIcon;
				CODE_SIGN_IDENTITY = "iPhone Developer";
				"CODE_SIGN_IDENTITY[sdk=iphoneos*]" = "iPhone Developer";
				COMPRESS_PNG_FILES = NO;
				GCC_PREFIX_HEADER = CareDPrefixHeader.pch;
				INFOPLIST_FILE = CareD/Info.plist;
				LD_RUNPATH_SEARCH_PATHS = "$(inherited) @executable_path/Frameworks";
				PRODUCT_BUNDLE_IDENTIFIER = com.TecErica.CareD;
				PRODUCT_NAME = "$(TARGET_NAME)";
				PROVISIONING_PROFILE = "";
			};
			name = Release;
		};
/* End XCBuildConfiguration section */

/* Begin XCConfigurationList section */
		9F1202021BF03F4A002C508C /* Build configuration list for PBXProject "CareD" */ = {
			isa = XCConfigurationList;
			buildConfigurations = (
				9F12021F1BF03F4A002C508C /* Debug */,
				9F1202201BF03F4A002C508C /* Release */,
			);
			defaultConfigurationIsVisible = 0;
			defaultConfigurationName = Release;
		};
		9F1202211BF03F4A002C508C /* Build configuration list for PBXNativeTarget "CareD" */ = {
			isa = XCConfigurationList;
			buildConfigurations = (
				9F1202221BF03F4A002C508C /* Debug */,
				9F1202231BF03F4A002C508C /* Release */,
			);
			defaultConfigurationIsVisible = 0;
			defaultConfigurationName = Release;
		};
/* End XCConfigurationList section */

/* Begin XCVersionGroup section */
		9F1202161BF03F4A002C508C /* CareD.xcdatamodeld */ = {
			isa = XCVersionGroup;
			children = (
				9F1202171BF03F4A002C508C /* CareD.xcdatamodel */,
			);
			currentVersion = 9F1202171BF03F4A002C508C /* CareD.xcdatamodel */;
			path = CareD.xcdatamodeld;
			sourceTree = "<group>";
			versionGroupType = wrapper.xcdatamodel;
		};
/* End XCVersionGroup section */
	};
	rootObject = 9F1201FF1BF03F4A002C508C /* Project object */;
}
